// !$*UTF8*$!
{
	archiveVersion = 1;
	classes = {
	};
	objectVersion = 56;
	objects = {

/* Begin PBXBuildFile section */
		384705C729AB4FD200573751 /* AlertBuilder.swift in Sources */ = {isa = PBXBuildFile; fileRef = 384705C629AB4FD200573751 /* AlertBuilder.swift */; };
		38483C6729AA12D300D14667 /* FixtureViewModel.swift in Sources */ = {isa = PBXBuildFile; fileRef = 38483C6629AA12D300D14667 /* FixtureViewModel.swift */; };
		384BBB6D2997CCF100F8C8EF /* ScoreCardCollectionViewCell.swift in Sources */ = {isa = PBXBuildFile; fileRef = 384BBB6B2997CCF100F8C8EF /* ScoreCardCollectionViewCell.swift */; };
		384BBB6E2997CCF100F8C8EF /* ScoreCardCollectionViewCell.xib in Resources */ = {isa = PBXBuildFile; fileRef = 384BBB6C2997CCF100F8C8EF /* ScoreCardCollectionViewCell.xib */; };
		384BBB702997CD3A00F8C8EF /* AppConstants.swift in Sources */ = {isa = PBXBuildFile; fileRef = 384BBB6F2997CD3A00F8C8EF /* AppConstants.swift */; };
		384BBB742997CEA700F8C8EF /* UIViewExtension.swift in Sources */ = {isa = PBXBuildFile; fileRef = 384BBB732997CEA700F8C8EF /* UIViewExtension.swift */; };
		385A320729A6728300F56AC5 /* SearchPlayerTVCell.swift in Sources */ = {isa = PBXBuildFile; fileRef = 385A320529A6728300F56AC5 /* SearchPlayerTVCell.swift */; };
		385A320829A6728300F56AC5 /* SearchPlayerTVCell.xib in Resources */ = {isa = PBXBuildFile; fileRef = 385A320629A6728300F56AC5 /* SearchPlayerTVCell.xib */; };
		388007F4299D31A900FA9C7B /* UITableViewEstension.swift in Sources */ = {isa = PBXBuildFile; fileRef = 388007F3299D31A900FA9C7B /* UITableViewEstension.swift */; };
		388007F6299D34F000FA9C7B /* UICollectionViewExtension.swift in Sources */ = {isa = PBXBuildFile; fileRef = 388007F5299D34F000FA9C7B /* UICollectionViewExtension.swift */; };
		38A65B8129A3E35F0048D9D9 /* MatchInfoTableViewCell.swift in Sources */ = {isa = PBXBuildFile; fileRef = 38A65B7F29A3E35F0048D9D9 /* MatchInfoTableViewCell.swift */; };
		38A65B8229A3E35F0048D9D9 /* MatchInfoTableViewCell.xib in Resources */ = {isa = PBXBuildFile; fileRef = 38A65B8029A3E35F0048D9D9 /* MatchInfoTableViewCell.xib */; };
		38A65B8429A3E88B0048D9D9 /* MatchInfoViewController+TV.swift in Sources */ = {isa = PBXBuildFile; fileRef = 38A65B8329A3E88B0048D9D9 /* MatchInfoViewController+TV.swift */; };
		38A65B8729A458410048D9D9 /* UrlBuilder.swift in Sources */ = {isa = PBXBuildFile; fileRef = 38A65B8629A458410048D9D9 /* UrlBuilder.swift */; };
		38A65B8A29A45E950048D9D9 /* FixtureRepository.swift in Sources */ = {isa = PBXBuildFile; fileRef = 38A65B8929A45E950048D9D9 /* FixtureRepository.swift */; };
		38A65B8C29A45F9A0048D9D9 /* RemoteFixtureRepository.swift in Sources */ = {isa = PBXBuildFile; fileRef = 38A65B8B29A45F990048D9D9 /* RemoteFixtureRepository.swift */; };
		38A65B8F29A4719F0048D9D9 /* PlayersRepository.swift in Sources */ = {isa = PBXBuildFile; fileRef = 38A65B8E29A4719F0048D9D9 /* PlayersRepository.swift */; };
		38A65B9529A47C520048D9D9 /* BattingsDataClass.swift in Sources */ = {isa = PBXBuildFile; fileRef = 38A65B9429A47C520048D9D9 /* BattingsDataClass.swift */; };
		38A65B9729A47C920048D9D9 /* Dummy.swift in Sources */ = {isa = PBXBuildFile; fileRef = 38A65B9629A47C920048D9D9 /* Dummy.swift */; };
		38A65B9929A4C8670048D9D9 /* BowlingDataClass.swift in Sources */ = {isa = PBXBuildFile; fileRef = 38A65B9829A4C8670048D9D9 /* BowlingDataClass.swift */; };
		38A65B9B29A4E6010048D9D9 /* DetailedMatchAdapter.swift in Sources */ = {isa = PBXBuildFile; fileRef = 38A65B9A29A4E6010048D9D9 /* DetailedMatchAdapter.swift */; };
		38AEAAD329A9C3EE008E5877 /* Fixture.storyboard in Resources */ = {isa = PBXBuildFile; fileRef = 38AEAAD229A9C3EE008E5877 /* Fixture.storyboard */; };
		38AEAAD529A9CA89008E5877 /* FixtureViewController.swift in Sources */ = {isa = PBXBuildFile; fileRef = 38AEAAD429A9CA89008E5877 /* FixtureViewController.swift */; };
		38AEAAD729A9D9D1008E5877 /* FixtureVC+TV.swift in Sources */ = {isa = PBXBuildFile; fileRef = 38AEAAD629A9D9D1008E5877 /* FixtureVC+TV.swift */; };
		38C010A929A23117004AECAC /* DetailedScoreTViewCell.swift in Sources */ = {isa = PBXBuildFile; fileRef = 38C010A729A23117004AECAC /* DetailedScoreTViewCell.swift */; };
		38C010AA29A23117004AECAC /* DetailedScoreTViewCell.xib in Resources */ = {isa = PBXBuildFile; fileRef = 38C010A829A23117004AECAC /* DetailedScoreTViewCell.xib */; };
		38C010AC29A2420F004AECAC /* DetailedScoreVC+TBView.swift in Sources */ = {isa = PBXBuildFile; fileRef = 38C010AB29A2420F004AECAC /* DetailedScoreVC+TBView.swift */; };
		38C010AE29A243D6004AECAC /* DetailedScoreViewModel.swift in Sources */ = {isa = PBXBuildFile; fileRef = 38C010AD29A243D6004AECAC /* DetailedScoreViewModel.swift */; };
		38C010B029A2463C004AECAC /* MatchDetailsViewModel.swift in Sources */ = {isa = PBXBuildFile; fileRef = 38C010AF29A2463C004AECAC /* MatchDetailsViewModel.swift */; };
		38C010BA29A26C08004AECAC /* HeaderForBattersCell.xib in Resources */ = {isa = PBXBuildFile; fileRef = 38C010B929A26C08004AECAC /* HeaderForBattersCell.xib */; };
		38C010BE29A2825F004AECAC /* FooterForBattersCell.xib in Resources */ = {isa = PBXBuildFile; fileRef = 38C010BD29A2825F004AECAC /* FooterForBattersCell.xib */; };
		38C010C029A282D5004AECAC /* FooterForBattersCell.swift in Sources */ = {isa = PBXBuildFile; fileRef = 38C010BF29A282D5004AECAC /* FooterForBattersCell.swift */; };
		38C5FBF229A1CF930066F9AB /* ScoreBoardViewController.swift in Sources */ = {isa = PBXBuildFile; fileRef = 38C5FBF129A1CF930066F9AB /* ScoreBoardViewController.swift */; };
		38C5FBF429A1CFDF0066F9AB /* MatchInfoViewController.swift in Sources */ = {isa = PBXBuildFile; fileRef = 38C5FBF329A1CFDF0066F9AB /* MatchInfoViewController.swift */; };
		38C5FBF629A1D0310066F9AB /* SquadListViewController.swift in Sources */ = {isa = PBXBuildFile; fileRef = 38C5FBF529A1D0310066F9AB /* SquadListViewController.swift */; };
		38C5FBF829A1F53C0066F9AB /* DetailedScoreViewController.swift in Sources */ = {isa = PBXBuildFile; fileRef = 38C5FBF729A1F53C0066F9AB /* DetailedScoreViewController.swift */; };
		38DED9A3299BE51500E865F4 /* HomeTVCell.xib in Resources */ = {isa = PBXBuildFile; fileRef = 38DED9A1299BE51500E865F4 /* HomeTVCell.xib */; };
		38ED711D29A7CA8A00E79D71 /* PlayerDetailsViewController.swift in Sources */ = {isa = PBXBuildFile; fileRef = 38ED711C29A7CA8A00E79D71 /* PlayerDetailsViewController.swift */; };
		38ED711F29A7CBC500E79D71 /* PlayerDetailsVC+TV.swift in Sources */ = {isa = PBXBuildFile; fileRef = 38ED711E29A7CBC500E79D71 /* PlayerDetailsVC+TV.swift */; };
		38ED712229A7CC8400E79D71 /* PlayerDetailsTVCell.swift in Sources */ = {isa = PBXBuildFile; fileRef = 38ED712029A7CC8400E79D71 /* PlayerDetailsTVCell.swift */; };
		38ED712329A7CC8400E79D71 /* PlayerDetailsTVCell.xib in Resources */ = {isa = PBXBuildFile; fileRef = 38ED712129A7CC8400E79D71 /* PlayerDetailsTVCell.xib */; };
		38F618C5299E84C8005F04C7 /* LeagueDataClass.swift in Sources */ = {isa = PBXBuildFile; fileRef = 38F618C4299E84C8005F04C7 /* LeagueDataClass.swift */; };
		38F618C7299E92B1005F04C7 /* VenueDataClass.swift in Sources */ = {isa = PBXBuildFile; fileRef = 38F618C6299E92B1005F04C7 /* VenueDataClass.swift */; };
		38F618CA29A09535005F04C7 /* MatchDetailsViewController.swift in Sources */ = {isa = PBXBuildFile; fileRef = 38F618C929A09535005F04C7 /* MatchDetailsViewController.swift */; };
		8901AB9729949D97000F8315 /* AppDelegate.swift in Sources */ = {isa = PBXBuildFile; fileRef = 8901AB9629949D97000F8315 /* AppDelegate.swift */; };
		8901AB9929949D97000F8315 /* SceneDelegate.swift in Sources */ = {isa = PBXBuildFile; fileRef = 8901AB9829949D97000F8315 /* SceneDelegate.swift */; };
		8901AB9B29949D97000F8315 /* ViewController.swift in Sources */ = {isa = PBXBuildFile; fileRef = 8901AB9A29949D97000F8315 /* ViewController.swift */; };
		8901AB9E29949D97000F8315 /* Main.storyboard in Resources */ = {isa = PBXBuildFile; fileRef = 8901AB9C29949D97000F8315 /* Main.storyboard */; };
		8901ABA129949D97000F8315 /* CricPulse.xcdatamodeld in Sources */ = {isa = PBXBuildFile; fileRef = 8901AB9F29949D97000F8315 /* CricPulse.xcdatamodeld */; };
		8901ABA329949D98000F8315 /* Assets.xcassets in Resources */ = {isa = PBXBuildFile; fileRef = 8901ABA229949D98000F8315 /* Assets.xcassets */; };
		8901ABA629949D98000F8315 /* LaunchScreen.storyboard in Resources */ = {isa = PBXBuildFile; fileRef = 8901ABA429949D98000F8315 /* LaunchScreen.storyboard */; };
		8992C89B29A3343A0071B9EB /* HeaderForBattersCell.swift in Sources */ = {isa = PBXBuildFile; fileRef = 8992C89A29A3343A0071B9EB /* HeaderForBattersCell.swift */; };
		8992C8A729A370160071B9EB /* SquadListTableViewCell.swift in Sources */ = {isa = PBXBuildFile; fileRef = 8992C8A529A370160071B9EB /* SquadListTableViewCell.swift */; };
		8992C8A829A370160071B9EB /* SquadListTableViewCell.xib in Resources */ = {isa = PBXBuildFile; fileRef = 8992C8A629A370160071B9EB /* SquadListTableViewCell.xib */; };
		8992C8AA29A378F60071B9EB /* SquadListVC+TV.swift in Sources */ = {isa = PBXBuildFile; fileRef = 8992C8A929A378F60071B9EB /* SquadListVC+TV.swift */; };
		8992C8AC29A383170071B9EB /* HeaderForSquadList.xib in Resources */ = {isa = PBXBuildFile; fileRef = 8992C8AB29A383170071B9EB /* HeaderForSquadList.xib */; };
		8992C8AE29A384320071B9EB /* HeaderForSquadList.swift in Sources */ = {isa = PBXBuildFile; fileRef = 8992C8AD29A384320071B9EB /* HeaderForSquadList.swift */; };
		89B56F3529A71731008FDDAD /* CoreDataStack.swift in Sources */ = {isa = PBXBuildFile; fileRef = 89B56F3429A71731008FDDAD /* CoreDataStack.swift */; };
		89B56F3D29A71FA8008FDDAD /* CDPlayer+CoreDataClass.swift in Sources */ = {isa = PBXBuildFile; fileRef = 89B56F3B29A71FA8008FDDAD /* CDPlayer+CoreDataClass.swift */; };
		89B56F3E29A71FA8008FDDAD /* CDPlayer+CoreDataProperties.swift in Sources */ = {isa = PBXBuildFile; fileRef = 89B56F3C29A71FA8008FDDAD /* CDPlayer+CoreDataProperties.swift */; };
		89B56F4029A721FF008FDDAD /* CoreDataHelper.swift in Sources */ = {isa = PBXBuildFile; fileRef = 89B56F3F29A721FF008FDDAD /* CoreDataHelper.swift */; };
		89B56F4229A75594008FDDAD /* SearchPlayerVC+Textfield.swift in Sources */ = {isa = PBXBuildFile; fileRef = 89B56F4129A75594008FDDAD /* SearchPlayerVC+Textfield.swift */; };
		89C9A4A0299DC8CC0054F2CF /* CustomError.swift in Sources */ = {isa = PBXBuildFile; fileRef = 89C9A49F299DC8CC0054F2CF /* CustomError.swift */; };
		89D108A929A8697500BB5793 /* PlayerDetailsViewModel.swift in Sources */ = {isa = PBXBuildFile; fileRef = 89D108A829A8697500BB5793 /* PlayerDetailsViewModel.swift */; };
		89D108AB29A873D000BB5793 /* HeaderForPlayerDetails.xib in Resources */ = {isa = PBXBuildFile; fileRef = 89D108AA29A873D000BB5793 /* HeaderForPlayerDetails.xib */; };
		89D108AD29A8741D00BB5793 /* HeaderForPlayerDetails.swift in Sources */ = {isa = PBXBuildFile; fileRef = 89D108AC29A8741D00BB5793 /* HeaderForPlayerDetails.swift */; };
		89D108B129A885F400BB5793 /* Career.swift in Sources */ = {isa = PBXBuildFile; fileRef = 89D108B029A885F400BB5793 /* Career.swift */; };
		89D108B329A8ADF100BB5793 /* PlayerStatGenerator.swift in Sources */ = {isa = PBXBuildFile; fileRef = 89D108B229A8ADF100BB5793 /* PlayerStatGenerator.swift */; };
		89D5D747299C771D00C87209 /* FinishedMatchScoreCardTVModel.swift in Sources */ = {isa = PBXBuildFile; fileRef = 89D5D746299C771D00C87209 /* FinishedMatchScoreCardTVModel.swift */; };
		89D5D749299C789100C87209 /* MainViewController+Tableview.swift in Sources */ = {isa = PBXBuildFile; fileRef = 89D5D748299C789100C87209 /* MainViewController+Tableview.swift */; };
		89D5D74D299C87EA00C87209 /* HomeTableViewCell.swift in Sources */ = {isa = PBXBuildFile; fileRef = 89D5D74C299C87EA00C87209 /* HomeTableViewCell.swift */; };
		89D5D750299CAE6F00C87209 /* NetworkConstants.swift in Sources */ = {isa = PBXBuildFile; fileRef = 89D5D74F299CAE6F00C87209 /* NetworkConstants.swift */; };
		89D5D752299CD63800C87209 /* FixtureDataClass.swift in Sources */ = {isa = PBXBuildFile; fileRef = 89D5D751299CD63800C87209 /* FixtureDataClass.swift */; };
		89D5D754299CE10300C87209 /* TeamDataClass.swift in Sources */ = {isa = PBXBuildFile; fileRef = 89D5D753299CE10300C87209 /* TeamDataClass.swift */; };
		89D5D756299CE28A00C87209 /* PlayerDataClass.swift in Sources */ = {isa = PBXBuildFile; fileRef = 89D5D755299CE28A00C87209 /* PlayerDataClass.swift */; };
		89D5D758299CE7DC00C87209 /* ApiClient.swift in Sources */ = {isa = PBXBuildFile; fileRef = 89D5D757299CE7DC00C87209 /* ApiClient.swift */; };
		89D5D75A299CEBD600C87209 /* EndPoint.swift in Sources */ = {isa = PBXBuildFile; fileRef = 89D5D759299CEBD600C87209 /* EndPoint.swift */; };
		89DD46702999D6FD00F1E700 /* ViwController+CollectionView.swift in Sources */ = {isa = PBXBuildFile; fileRef = 89DD466F2999D6FD00F1E700 /* ViwController+CollectionView.swift */; };
		89DD46722999DA6900F1E700 /* MianViewModel.swift in Sources */ = {isa = PBXBuildFile; fileRef = 89DD46712999DA6900F1E700 /* MianViewModel.swift */; };
		89DD46742999DACD00F1E700 /* ScoreCardCVModel.swift in Sources */ = {isa = PBXBuildFile; fileRef = 89DD46732999DACD00F1E700 /* ScoreCardCVModel.swift */; };
		89E3733C29A5B8AE00F9AFFE /* MatchDetailsViewController+MatchStatus.swift in Sources */ = {isa = PBXBuildFile; fileRef = 89E3733B29A5B8AE00F9AFFE /* MatchDetailsViewController+MatchStatus.swift */; };
		89E3734029A6231900F9AFFE /* SearchPlayer.storyboard in Resources */ = {isa = PBXBuildFile; fileRef = 89E3733E29A6231900F9AFFE /* SearchPlayer.storyboard */; };
		89E3734229A625F700F9AFFE /* SearchPlayerViewController.swift in Sources */ = {isa = PBXBuildFile; fileRef = 89E3734129A625F700F9AFFE /* SearchPlayerViewController.swift */; };
		89E3734429A626BF00F9AFFE /* SearchPlayerVC+TV.swift in Sources */ = {isa = PBXBuildFile; fileRef = 89E3734329A626BF00F9AFFE /* SearchPlayerVC+TV.swift */; };
		89E3734729A6274100F9AFFE /* SearchPlayerViewModel.swift in Sources */ = {isa = PBXBuildFile; fileRef = 89E3734629A6274100F9AFFE /* SearchPlayerViewModel.swift */; };
		89E37EC0299F18900046D0F8 /* SDWebImage in Frameworks */ = {isa = PBXBuildFile; productRef = 89E37EBF299F18900046D0F8 /* SDWebImage */; };
/* End PBXBuildFile section */

/* Begin PBXFileReference section */
		384705C629AB4FD200573751 /* AlertBuilder.swift */ = {isa = PBXFileReference; lastKnownFileType = sourcecode.swift; path = AlertBuilder.swift; sourceTree = "<group>"; };
		38483C6629AA12D300D14667 /* FixtureViewModel.swift */ = {isa = PBXFileReference; lastKnownFileType = sourcecode.swift; path = FixtureViewModel.swift; sourceTree = "<group>"; };
		384BBB6B2997CCF100F8C8EF /* ScoreCardCollectionViewCell.swift */ = {isa = PBXFileReference; lastKnownFileType = sourcecode.swift; path = ScoreCardCollectionViewCell.swift; sourceTree = "<group>"; };
		384BBB6C2997CCF100F8C8EF /* ScoreCardCollectionViewCell.xib */ = {isa = PBXFileReference; lastKnownFileType = file.xib; path = ScoreCardCollectionViewCell.xib; sourceTree = "<group>"; };
		384BBB6F2997CD3A00F8C8EF /* AppConstants.swift */ = {isa = PBXFileReference; lastKnownFileType = sourcecode.swift; path = AppConstants.swift; sourceTree = "<group>"; };
		384BBB732997CEA700F8C8EF /* UIViewExtension.swift */ = {isa = PBXFileReference; lastKnownFileType = sourcecode.swift; path = UIViewExtension.swift; sourceTree = "<group>"; };
		385A320529A6728300F56AC5 /* SearchPlayerTVCell.swift */ = {isa = PBXFileReference; lastKnownFileType = sourcecode.swift; path = SearchPlayerTVCell.swift; sourceTree = "<group>"; };
		385A320629A6728300F56AC5 /* SearchPlayerTVCell.xib */ = {isa = PBXFileReference; lastKnownFileType = file.xib; path = SearchPlayerTVCell.xib; sourceTree = "<group>"; };
		388007F3299D31A900FA9C7B /* UITableViewEstension.swift */ = {isa = PBXFileReference; lastKnownFileType = sourcecode.swift; path = UITableViewEstension.swift; sourceTree = "<group>"; };
		388007F5299D34F000FA9C7B /* UICollectionViewExtension.swift */ = {isa = PBXFileReference; lastKnownFileType = sourcecode.swift; path = UICollectionViewExtension.swift; sourceTree = "<group>"; };
		38A65B7F29A3E35F0048D9D9 /* MatchInfoTableViewCell.swift */ = {isa = PBXFileReference; lastKnownFileType = sourcecode.swift; path = MatchInfoTableViewCell.swift; sourceTree = "<group>"; };
		38A65B8029A3E35F0048D9D9 /* MatchInfoTableViewCell.xib */ = {isa = PBXFileReference; lastKnownFileType = file.xib; path = MatchInfoTableViewCell.xib; sourceTree = "<group>"; };
		38A65B8329A3E88B0048D9D9 /* MatchInfoViewController+TV.swift */ = {isa = PBXFileReference; lastKnownFileType = sourcecode.swift; path = "MatchInfoViewController+TV.swift"; sourceTree = "<group>"; };
		38A65B8629A458410048D9D9 /* UrlBuilder.swift */ = {isa = PBXFileReference; lastKnownFileType = sourcecode.swift; path = UrlBuilder.swift; sourceTree = "<group>"; };
		38A65B8929A45E950048D9D9 /* FixtureRepository.swift */ = {isa = PBXFileReference; lastKnownFileType = sourcecode.swift; path = FixtureRepository.swift; sourceTree = "<group>"; };
		38A65B8B29A45F990048D9D9 /* RemoteFixtureRepository.swift */ = {isa = PBXFileReference; lastKnownFileType = sourcecode.swift; path = RemoteFixtureRepository.swift; sourceTree = "<group>"; };
		38A65B8E29A4719F0048D9D9 /* PlayersRepository.swift */ = {isa = PBXFileReference; lastKnownFileType = sourcecode.swift; path = PlayersRepository.swift; sourceTree = "<group>"; };
		38A65B9429A47C520048D9D9 /* BattingsDataClass.swift */ = {isa = PBXFileReference; lastKnownFileType = sourcecode.swift; path = BattingsDataClass.swift; sourceTree = "<group>"; };
		38A65B9629A47C920048D9D9 /* Dummy.swift */ = {isa = PBXFileReference; lastKnownFileType = sourcecode.swift; path = Dummy.swift; sourceTree = "<group>"; };
		38A65B9829A4C8670048D9D9 /* BowlingDataClass.swift */ = {isa = PBXFileReference; lastKnownFileType = sourcecode.swift; path = BowlingDataClass.swift; sourceTree = "<group>"; };
		38A65B9A29A4E6010048D9D9 /* DetailedMatchAdapter.swift */ = {isa = PBXFileReference; lastKnownFileType = sourcecode.swift; path = DetailedMatchAdapter.swift; sourceTree = "<group>"; };
		38AEAAD229A9C3EE008E5877 /* Fixture.storyboard */ = {isa = PBXFileReference; fileEncoding = 4; lastKnownFileType = file.storyboard; path = Fixture.storyboard; sourceTree = "<group>"; };
		38AEAAD429A9CA89008E5877 /* FixtureViewController.swift */ = {isa = PBXFileReference; lastKnownFileType = sourcecode.swift; path = FixtureViewController.swift; sourceTree = "<group>"; };
		38AEAAD629A9D9D1008E5877 /* FixtureVC+TV.swift */ = {isa = PBXFileReference; lastKnownFileType = sourcecode.swift; path = "FixtureVC+TV.swift"; sourceTree = "<group>"; };
		38C010A729A23117004AECAC /* DetailedScoreTViewCell.swift */ = {isa = PBXFileReference; lastKnownFileType = sourcecode.swift; path = DetailedScoreTViewCell.swift; sourceTree = "<group>"; };
		38C010A829A23117004AECAC /* DetailedScoreTViewCell.xib */ = {isa = PBXFileReference; lastKnownFileType = file.xib; path = DetailedScoreTViewCell.xib; sourceTree = "<group>"; };
		38C010AB29A2420F004AECAC /* DetailedScoreVC+TBView.swift */ = {isa = PBXFileReference; lastKnownFileType = sourcecode.swift; path = "DetailedScoreVC+TBView.swift"; sourceTree = "<group>"; };
		38C010AD29A243D6004AECAC /* DetailedScoreViewModel.swift */ = {isa = PBXFileReference; lastKnownFileType = sourcecode.swift; path = DetailedScoreViewModel.swift; sourceTree = "<group>"; };
		38C010AF29A2463C004AECAC /* MatchDetailsViewModel.swift */ = {isa = PBXFileReference; lastKnownFileType = sourcecode.swift; path = MatchDetailsViewModel.swift; sourceTree = "<group>"; };
		38C010B929A26C08004AECAC /* HeaderForBattersCell.xib */ = {isa = PBXFileReference; lastKnownFileType = file.xib; path = HeaderForBattersCell.xib; sourceTree = "<group>"; };
		38C010BD29A2825F004AECAC /* FooterForBattersCell.xib */ = {isa = PBXFileReference; lastKnownFileType = file.xib; path = FooterForBattersCell.xib; sourceTree = "<group>"; };
		38C010BF29A282D5004AECAC /* FooterForBattersCell.swift */ = {isa = PBXFileReference; lastKnownFileType = sourcecode.swift; path = FooterForBattersCell.swift; sourceTree = "<group>"; };
		38C5FBF129A1CF930066F9AB /* ScoreBoardViewController.swift */ = {isa = PBXFileReference; lastKnownFileType = sourcecode.swift; path = ScoreBoardViewController.swift; sourceTree = "<group>"; };
		38C5FBF329A1CFDF0066F9AB /* MatchInfoViewController.swift */ = {isa = PBXFileReference; lastKnownFileType = sourcecode.swift; path = MatchInfoViewController.swift; sourceTree = "<group>"; };
		38C5FBF529A1D0310066F9AB /* SquadListViewController.swift */ = {isa = PBXFileReference; lastKnownFileType = sourcecode.swift; path = SquadListViewController.swift; sourceTree = "<group>"; };
		38C5FBF729A1F53C0066F9AB /* DetailedScoreViewController.swift */ = {isa = PBXFileReference; lastKnownFileType = sourcecode.swift; path = DetailedScoreViewController.swift; sourceTree = "<group>"; };
		38DED9A1299BE51500E865F4 /* HomeTVCell.xib */ = {isa = PBXFileReference; lastKnownFileType = file.xib; path = HomeTVCell.xib; sourceTree = "<group>"; };
		38ED711C29A7CA8A00E79D71 /* PlayerDetailsViewController.swift */ = {isa = PBXFileReference; lastKnownFileType = sourcecode.swift; path = PlayerDetailsViewController.swift; sourceTree = "<group>"; };
		38ED711E29A7CBC500E79D71 /* PlayerDetailsVC+TV.swift */ = {isa = PBXFileReference; lastKnownFileType = sourcecode.swift; path = "PlayerDetailsVC+TV.swift"; sourceTree = "<group>"; };
		38ED712029A7CC8400E79D71 /* PlayerDetailsTVCell.swift */ = {isa = PBXFileReference; lastKnownFileType = sourcecode.swift; path = PlayerDetailsTVCell.swift; sourceTree = "<group>"; };
		38ED712129A7CC8400E79D71 /* PlayerDetailsTVCell.xib */ = {isa = PBXFileReference; lastKnownFileType = file.xib; path = PlayerDetailsTVCell.xib; sourceTree = "<group>"; };
		38F618C4299E84C8005F04C7 /* LeagueDataClass.swift */ = {isa = PBXFileReference; lastKnownFileType = sourcecode.swift; path = LeagueDataClass.swift; sourceTree = "<group>"; };
		38F618C6299E92B1005F04C7 /* VenueDataClass.swift */ = {isa = PBXFileReference; lastKnownFileType = sourcecode.swift; path = VenueDataClass.swift; sourceTree = "<group>"; };
		38F618C929A09535005F04C7 /* MatchDetailsViewController.swift */ = {isa = PBXFileReference; lastKnownFileType = sourcecode.swift; path = MatchDetailsViewController.swift; sourceTree = "<group>"; };
		8901AB9329949D97000F8315 /* CricPulse.app */ = {isa = PBXFileReference; explicitFileType = wrapper.application; includeInIndex = 0; path = CricPulse.app; sourceTree = BUILT_PRODUCTS_DIR; };
		8901AB9629949D97000F8315 /* AppDelegate.swift */ = {isa = PBXFileReference; lastKnownFileType = sourcecode.swift; path = AppDelegate.swift; sourceTree = "<group>"; };
		8901AB9829949D97000F8315 /* SceneDelegate.swift */ = {isa = PBXFileReference; lastKnownFileType = sourcecode.swift; path = SceneDelegate.swift; sourceTree = "<group>"; };
		8901AB9A29949D97000F8315 /* ViewController.swift */ = {isa = PBXFileReference; lastKnownFileType = sourcecode.swift; path = ViewController.swift; sourceTree = "<group>"; };
		8901AB9D29949D97000F8315 /* Base */ = {isa = PBXFileReference; lastKnownFileType = file.storyboard; name = Base; path = Base.lproj/Main.storyboard; sourceTree = "<group>"; };
		8901ABA029949D97000F8315 /* CricPulse.xcdatamodel */ = {isa = PBXFileReference; lastKnownFileType = wrapper.xcdatamodel; path = CricPulse.xcdatamodel; sourceTree = "<group>"; };
		8901ABA229949D98000F8315 /* Assets.xcassets */ = {isa = PBXFileReference; lastKnownFileType = folder.assetcatalog; path = Assets.xcassets; sourceTree = "<group>"; };
		8901ABA529949D98000F8315 /* Base */ = {isa = PBXFileReference; lastKnownFileType = file.storyboard; name = Base; path = Base.lproj/LaunchScreen.storyboard; sourceTree = "<group>"; };
		8901ABA729949D98000F8315 /* Info.plist */ = {isa = PBXFileReference; lastKnownFileType = text.plist.xml; path = Info.plist; sourceTree = "<group>"; };
		8992C89A29A3343A0071B9EB /* HeaderForBattersCell.swift */ = {isa = PBXFileReference; lastKnownFileType = sourcecode.swift; path = HeaderForBattersCell.swift; sourceTree = "<group>"; };
		8992C8A529A370160071B9EB /* SquadListTableViewCell.swift */ = {isa = PBXFileReference; lastKnownFileType = sourcecode.swift; path = SquadListTableViewCell.swift; sourceTree = "<group>"; };
		8992C8A629A370160071B9EB /* SquadListTableViewCell.xib */ = {isa = PBXFileReference; lastKnownFileType = file.xib; path = SquadListTableViewCell.xib; sourceTree = "<group>"; };
		8992C8A929A378F60071B9EB /* SquadListVC+TV.swift */ = {isa = PBXFileReference; lastKnownFileType = sourcecode.swift; path = "SquadListVC+TV.swift"; sourceTree = "<group>"; };
		8992C8AB29A383170071B9EB /* HeaderForSquadList.xib */ = {isa = PBXFileReference; lastKnownFileType = file.xib; path = HeaderForSquadList.xib; sourceTree = "<group>"; };
		8992C8AD29A384320071B9EB /* HeaderForSquadList.swift */ = {isa = PBXFileReference; lastKnownFileType = sourcecode.swift; path = HeaderForSquadList.swift; sourceTree = "<group>"; };
		89B56F3429A71731008FDDAD /* CoreDataStack.swift */ = {isa = PBXFileReference; lastKnownFileType = sourcecode.swift; path = CoreDataStack.swift; sourceTree = "<group>"; };
		89B56F3B29A71FA8008FDDAD /* CDPlayer+CoreDataClass.swift */ = {isa = PBXFileReference; lastKnownFileType = sourcecode.swift; path = "CDPlayer+CoreDataClass.swift"; sourceTree = "<group>"; };
		89B56F3C29A71FA8008FDDAD /* CDPlayer+CoreDataProperties.swift */ = {isa = PBXFileReference; lastKnownFileType = sourcecode.swift; path = "CDPlayer+CoreDataProperties.swift"; sourceTree = "<group>"; };
		89B56F3F29A721FF008FDDAD /* CoreDataHelper.swift */ = {isa = PBXFileReference; lastKnownFileType = sourcecode.swift; path = CoreDataHelper.swift; sourceTree = "<group>"; };
		89B56F4129A75594008FDDAD /* SearchPlayerVC+Textfield.swift */ = {isa = PBXFileReference; lastKnownFileType = sourcecode.swift; path = "SearchPlayerVC+Textfield.swift"; sourceTree = "<group>"; };
		89C9A49F299DC8CC0054F2CF /* CustomError.swift */ = {isa = PBXFileReference; lastKnownFileType = sourcecode.swift; path = CustomError.swift; sourceTree = "<group>"; };
		89D108A829A8697500BB5793 /* PlayerDetailsViewModel.swift */ = {isa = PBXFileReference; lastKnownFileType = sourcecode.swift; path = PlayerDetailsViewModel.swift; sourceTree = "<group>"; };
		89D108AA29A873D000BB5793 /* HeaderForPlayerDetails.xib */ = {isa = PBXFileReference; lastKnownFileType = file.xib; path = HeaderForPlayerDetails.xib; sourceTree = "<group>"; };
		89D108AC29A8741D00BB5793 /* HeaderForPlayerDetails.swift */ = {isa = PBXFileReference; lastKnownFileType = sourcecode.swift; path = HeaderForPlayerDetails.swift; sourceTree = "<group>"; };
		89D108B029A885F400BB5793 /* Career.swift */ = {isa = PBXFileReference; lastKnownFileType = sourcecode.swift; path = Career.swift; sourceTree = "<group>"; };
		89D108B229A8ADF100BB5793 /* PlayerStatGenerator.swift */ = {isa = PBXFileReference; lastKnownFileType = sourcecode.swift; path = PlayerStatGenerator.swift; sourceTree = "<group>"; };
		89D5D746299C771D00C87209 /* FinishedMatchScoreCardTVModel.swift */ = {isa = PBXFileReference; lastKnownFileType = sourcecode.swift; path = FinishedMatchScoreCardTVModel.swift; sourceTree = "<group>"; };
		89D5D748299C789100C87209 /* MainViewController+Tableview.swift */ = {isa = PBXFileReference; lastKnownFileType = sourcecode.swift; path = "MainViewController+Tableview.swift"; sourceTree = "<group>"; };
		89D5D74C299C87EA00C87209 /* HomeTableViewCell.swift */ = {isa = PBXFileReference; lastKnownFileType = sourcecode.swift; path = HomeTableViewCell.swift; sourceTree = "<group>"; };
		89D5D74F299CAE6F00C87209 /* NetworkConstants.swift */ = {isa = PBXFileReference; lastKnownFileType = sourcecode.swift; path = NetworkConstants.swift; sourceTree = "<group>"; };
		89D5D751299CD63800C87209 /* FixtureDataClass.swift */ = {isa = PBXFileReference; lastKnownFileType = sourcecode.swift; path = FixtureDataClass.swift; sourceTree = "<group>"; };
		89D5D753299CE10300C87209 /* TeamDataClass.swift */ = {isa = PBXFileReference; lastKnownFileType = sourcecode.swift; path = TeamDataClass.swift; sourceTree = "<group>"; };
		89D5D755299CE28A00C87209 /* PlayerDataClass.swift */ = {isa = PBXFileReference; lastKnownFileType = sourcecode.swift; path = PlayerDataClass.swift; sourceTree = "<group>"; };
		89D5D757299CE7DC00C87209 /* ApiClient.swift */ = {isa = PBXFileReference; lastKnownFileType = sourcecode.swift; path = ApiClient.swift; sourceTree = "<group>"; };
		89D5D759299CEBD600C87209 /* EndPoint.swift */ = {isa = PBXFileReference; lastKnownFileType = sourcecode.swift; path = EndPoint.swift; sourceTree = "<group>"; };
		89DD466F2999D6FD00F1E700 /* ViwController+CollectionView.swift */ = {isa = PBXFileReference; lastKnownFileType = sourcecode.swift; path = "ViwController+CollectionView.swift"; sourceTree = "<group>"; };
		89DD46712999DA6900F1E700 /* MianViewModel.swift */ = {isa = PBXFileReference; lastKnownFileType = sourcecode.swift; path = MianViewModel.swift; sourceTree = "<group>"; };
		89DD46732999DACD00F1E700 /* ScoreCardCVModel.swift */ = {isa = PBXFileReference; lastKnownFileType = sourcecode.swift; path = ScoreCardCVModel.swift; sourceTree = "<group>"; };
		89E3733B29A5B8AE00F9AFFE /* MatchDetailsViewController+MatchStatus.swift */ = {isa = PBXFileReference; lastKnownFileType = sourcecode.swift; path = "MatchDetailsViewController+MatchStatus.swift"; sourceTree = "<group>"; };
		89E3733F29A6231900F9AFFE /* Base */ = {isa = PBXFileReference; lastKnownFileType = file.storyboard; name = Base; path = CricPulse/Controllers/MainViewController/Base.lproj/SearchPlayer.storyboard; sourceTree = SOURCE_ROOT; };
		89E3734129A625F700F9AFFE /* SearchPlayerViewController.swift */ = {isa = PBXFileReference; lastKnownFileType = sourcecode.swift; path = SearchPlayerViewController.swift; sourceTree = "<group>"; };
		89E3734329A626BF00F9AFFE /* SearchPlayerVC+TV.swift */ = {isa = PBXFileReference; lastKnownFileType = sourcecode.swift; path = "SearchPlayerVC+TV.swift"; sourceTree = "<group>"; };
		89E3734629A6274100F9AFFE /* SearchPlayerViewModel.swift */ = {isa = PBXFileReference; lastKnownFileType = sourcecode.swift; path = SearchPlayerViewModel.swift; sourceTree = "<group>"; };
/* End PBXFileReference section */

/* Begin PBXFrameworksBuildPhase section */
		8901AB9029949D97000F8315 /* Frameworks */ = {
			isa = PBXFrameworksBuildPhase;
			buildActionMask = 2147483647;
			files = (
				89E37EC0299F18900046D0F8 /* SDWebImage in Frameworks */,
			);
			runOnlyForDeploymentPostprocessing = 0;
		};
/* End PBXFrameworksBuildPhase section */

/* Begin PBXGroup section */
		38483C6529AA12B800D14667 /* FixtureViewModel */ = {
			isa = PBXGroup;
			children = (
				38483C6629AA12D300D14667 /* FixtureViewModel.swift */,
			);
			path = FixtureViewModel;
			sourceTree = "<group>";
		};
		384BBB6A2997CCC300F8C8EF /* ScoreCard */ = {
			isa = PBXGroup;
			children = (
				384BBB6B2997CCF100F8C8EF /* ScoreCardCollectionViewCell.swift */,
				89D5D74C299C87EA00C87209 /* HomeTableViewCell.swift */,
				384BBB6C2997CCF100F8C8EF /* ScoreCardCollectionViewCell.xib */,
				38DED9A1299BE51500E865F4 /* HomeTVCell.xib */,
			);
			path = ScoreCard;
			sourceTree = "<group>";
		};
		384BBB722997CE6C00F8C8EF /* AppExtensions */ = {
			isa = PBXGroup;
			children = (
				384BBB732997CEA700F8C8EF /* UIViewExtension.swift */,
				388007F3299D31A900FA9C7B /* UITableViewEstension.swift */,
				388007F5299D34F000FA9C7B /* UICollectionViewExtension.swift */,
			);
			path = AppExtensions;
			sourceTree = "<group>";
		};
		384BBB752997D02200F8C8EF /* Constants */ = {
			isa = PBXGroup;
			children = (
				384BBB6F2997CD3A00F8C8EF /* AppConstants.swift */,
				89D5D74F299CAE6F00C87209 /* NetworkConstants.swift */,
			);
			path = Constants;
			sourceTree = "<group>";
		};
		385A320429A6722100F56AC5 /* SearchPlayer */ = {
			isa = PBXGroup;
			children = (
				385A320529A6728300F56AC5 /* SearchPlayerTVCell.swift */,
				385A320629A6728300F56AC5 /* SearchPlayerTVCell.xib */,
				38ED712029A7CC8400E79D71 /* PlayerDetailsTVCell.swift */,
				38ED712129A7CC8400E79D71 /* PlayerDetailsTVCell.xib */,
				89D108AA29A873D000BB5793 /* HeaderForPlayerDetails.xib */,
				89D108AC29A8741D00BB5793 /* HeaderForPlayerDetails.swift */,
			);
			path = SearchPlayer;
			sourceTree = "<group>";
		};
		38A65B7E29A3E3270048D9D9 /* MatchInfo */ = {
			isa = PBXGroup;
			children = (
				38A65B7F29A3E35F0048D9D9 /* MatchInfoTableViewCell.swift */,
				38A65B8029A3E35F0048D9D9 /* MatchInfoTableViewCell.xib */,
			);
			path = MatchInfo;
			sourceTree = "<group>";
		};
		38A65B8829A45E5D0048D9D9 /* Fixtures Repository */ = {
			isa = PBXGroup;
			children = (
				89D5D751299CD63800C87209 /* FixtureDataClass.swift */,
				38A65B8929A45E950048D9D9 /* FixtureRepository.swift */,
				38A65B8B29A45F990048D9D9 /* RemoteFixtureRepository.swift */,
				38A65B9A29A4E6010048D9D9 /* DetailedMatchAdapter.swift */,
			);
			path = "Fixtures Repository";
			sourceTree = "<group>";
		};
		38A65B8D29A471730048D9D9 /* Players Repository */ = {
			isa = PBXGroup;
			children = (
				89B56F3629A71F1A008FDDAD /* CoreDataModels */,
				89D5D755299CE28A00C87209 /* PlayerDataClass.swift */,
				38A65B9429A47C520048D9D9 /* BattingsDataClass.swift */,
				38A65B9829A4C8670048D9D9 /* BowlingDataClass.swift */,
				89D108B029A885F400BB5793 /* Career.swift */,
				38A65B8E29A4719F0048D9D9 /* PlayersRepository.swift */,
				89D108B229A8ADF100BB5793 /* PlayerStatGenerator.swift */,
			);
			path = "Players Repository";
			sourceTree = "<group>";
		};
		38AEAAD129A9C276008E5877 /* FixtureViewController */ = {
			isa = PBXGroup;
			children = (
				38AEAAD229A9C3EE008E5877 /* Fixture.storyboard */,
				38AEAAD429A9CA89008E5877 /* FixtureViewController.swift */,
				38AEAAD629A9D9D1008E5877 /* FixtureVC+TV.swift */,
			);
			path = FixtureViewController;
			sourceTree = "<group>";
		};
		38C010A429A22C40004AECAC /* MatchDetailsView */ = {
			isa = PBXGroup;
			children = (
				38A65B7E29A3E3270048D9D9 /* MatchInfo */,
				8992C89C29A3449D0071B9EB /* SquadList */,
				38C010A829A23117004AECAC /* DetailedScoreTViewCell.xib */,
				38C010A729A23117004AECAC /* DetailedScoreTViewCell.swift */,
				38C010B929A26C08004AECAC /* HeaderForBattersCell.xib */,
				8992C89A29A3343A0071B9EB /* HeaderForBattersCell.swift */,
				38C010BD29A2825F004AECAC /* FooterForBattersCell.xib */,
				38C010BF29A282D5004AECAC /* FooterForBattersCell.swift */,
			);
			path = MatchDetailsView;
			sourceTree = "<group>";
		};
		38EC96FF29A2293800705D28 /* MatchDetailsViewModels */ = {
			isa = PBXGroup;
			children = (
				38C010AD29A243D6004AECAC /* DetailedScoreViewModel.swift */,
				38C010AF29A2463C004AECAC /* MatchDetailsViewModel.swift */,
			);
			path = MatchDetailsViewModels;
			sourceTree = "<group>";
		};
		38F618C829A094F5005F04C7 /* MatchDetailsVC */ = {
			isa = PBXGroup;
			children = (
				38F618C929A09535005F04C7 /* MatchDetailsViewController.swift */,
				89E3733B29A5B8AE00F9AFFE /* MatchDetailsViewController+MatchStatus.swift */,
				38C5FBF129A1CF930066F9AB /* ScoreBoardViewController.swift */,
				38C5FBF329A1CFDF0066F9AB /* MatchInfoViewController.swift */,
				38A65B8329A3E88B0048D9D9 /* MatchInfoViewController+TV.swift */,
				38C5FBF529A1D0310066F9AB /* SquadListViewController.swift */,
				8992C8A929A378F60071B9EB /* SquadListVC+TV.swift */,
				38C5FBF729A1F53C0066F9AB /* DetailedScoreViewController.swift */,
				38C010AB29A2420F004AECAC /* DetailedScoreVC+TBView.swift */,
			);
			path = MatchDetailsVC;
			sourceTree = "<group>";
		};
		8901AB8A29949D97000F8315 = {
			isa = PBXGroup;
			children = (
				8901AB9529949D97000F8315 /* CricPulse */,
				8901AB9429949D97000F8315 /* Products */,
			);
			sourceTree = "<group>";
		};
		8901AB9429949D97000F8315 /* Products */ = {
			isa = PBXGroup;
			children = (
				8901AB9329949D97000F8315 /* CricPulse.app */,
			);
			name = Products;
			sourceTree = "<group>";
		};
		8901AB9529949D97000F8315 /* CricPulse */ = {
			isa = PBXGroup;
			children = (
				8901ABB42994A8B4000F8315 /* Shared */,
				8901ABAE2994A7A2000F8315 /* Controllers */,
				8901ABB62994A8F7000F8315 /* Model */,
				8901ABAF2994A7DC000F8315 /* View */,
				8901ABB72994A8FF000F8315 /* ViewModel */,
				8901ABA729949D98000F8315 /* Info.plist */,
				8901AB9F29949D97000F8315 /* CricPulse.xcdatamodeld */,
			);
			path = CricPulse;
			sourceTree = "<group>";
		};
		8901ABAD2994A779000F8315 /* MainViewController */ = {
			isa = PBXGroup;
			children = (
				8901AB9A29949D97000F8315 /* ViewController.swift */,
				89DD466F2999D6FD00F1E700 /* ViwController+CollectionView.swift */,
				89D5D748299C789100C87209 /* MainViewController+Tableview.swift */,
				8901AB9C29949D97000F8315 /* Main.storyboard */,
			);
			path = MainViewController;
			sourceTree = "<group>";
		};
		8901ABAE2994A7A2000F8315 /* Controllers */ = {
			isa = PBXGroup;
			children = (
				38AEAAD129A9C276008E5877 /* FixtureViewController */,
				89E3733D29A622FE00F9AFFE /* SearchPlayer */,
				38F618C829A094F5005F04C7 /* MatchDetailsVC */,
				8901ABAD2994A779000F8315 /* MainViewController */,
			);
			path = Controllers;
			sourceTree = "<group>";
		};
		8901ABAF2994A7DC000F8315 /* View */ = {
			isa = PBXGroup;
			children = (
				8901ABA429949D98000F8315 /* LaunchScreen.storyboard */,
				385A320429A6722100F56AC5 /* SearchPlayer */,
				38C010A429A22C40004AECAC /* MatchDetailsView */,
				384BBB6A2997CCC300F8C8EF /* ScoreCard */,
			);
			path = View;
			sourceTree = "<group>";
		};
		8901ABB12994A802000F8315 /* Resources */ = {
			isa = PBXGroup;
			children = (
				8901ABA229949D98000F8315 /* Assets.xcassets */,
			);
			path = Resources;
			sourceTree = "<group>";
		};
		8901ABB22994A899000F8315 /* Networking */ = {
			isa = PBXGroup;
			children = (
				89D5D757299CE7DC00C87209 /* ApiClient.swift */,
				89D5D759299CEBD600C87209 /* EndPoint.swift */,
				38A65B8629A458410048D9D9 /* UrlBuilder.swift */,
				89C9A49F299DC8CC0054F2CF /* CustomError.swift */,
			);
			path = Networking;
			sourceTree = "<group>";
		};
		8901ABB42994A8B4000F8315 /* Shared */ = {
			isa = PBXGroup;
			children = (
				384705C629AB4FD200573751 /* AlertBuilder.swift */,
				8901AB9629949D97000F8315 /* AppDelegate.swift */,
				8901AB9829949D97000F8315 /* SceneDelegate.swift */,
				89B56F3329A7171B008FDDAD /* CoreData */,
				384BBB752997D02200F8C8EF /* Constants */,
				384BBB722997CE6C00F8C8EF /* AppExtensions */,
				8901ABB22994A899000F8315 /* Networking */,
				8901ABB12994A802000F8315 /* Resources */,
			);
			path = Shared;
			sourceTree = "<group>";
		};
		8901ABB62994A8F7000F8315 /* Model */ = {
			isa = PBXGroup;
			children = (
				38A65B8829A45E5D0048D9D9 /* Fixtures Repository */,
				38A65B8D29A471730048D9D9 /* Players Repository */,
				89D5D753299CE10300C87209 /* TeamDataClass.swift */,
				38F618C4299E84C8005F04C7 /* LeagueDataClass.swift */,
				38F618C6299E92B1005F04C7 /* VenueDataClass.swift */,
				38A65B9629A47C920048D9D9 /* Dummy.swift */,
			);
			path = Model;
			sourceTree = "<group>";
		};
		8901ABB72994A8FF000F8315 /* ViewModel */ = {
			isa = PBXGroup;
			children = (
				38483C6529AA12B800D14667 /* FixtureViewModel */,
				89E3734529A6272F00F9AFFE /* SearchPlayer */,
				38EC96FF29A2293800705D28 /* MatchDetailsViewModels */,
				89D5D74E299CA16F00C87209 /* Main */,
			);
			path = ViewModel;
			sourceTree = "<group>";
		};
		8992C89C29A3449D0071B9EB /* SquadList */ = {
			isa = PBXGroup;
			children = (
				8992C8A529A370160071B9EB /* SquadListTableViewCell.swift */,
				8992C8A629A370160071B9EB /* SquadListTableViewCell.xib */,
				8992C8AB29A383170071B9EB /* HeaderForSquadList.xib */,
				8992C8AD29A384320071B9EB /* HeaderForSquadList.swift */,
			);
			path = SquadList;
			sourceTree = "<group>";
		};
		89B56F3329A7171B008FDDAD /* CoreData */ = {
			isa = PBXGroup;
			children = (
				89B56F3429A71731008FDDAD /* CoreDataStack.swift */,
				89B56F3F29A721FF008FDDAD /* CoreDataHelper.swift */,
			);
			path = CoreData;
			sourceTree = "<group>";
		};
		89B56F3629A71F1A008FDDAD /* CoreDataModels */ = {
			isa = PBXGroup;
			children = (
				89B56F3B29A71FA8008FDDAD /* CDPlayer+CoreDataClass.swift */,
				89B56F3C29A71FA8008FDDAD /* CDPlayer+CoreDataProperties.swift */,
			);
			path = CoreDataModels;
			sourceTree = "<group>";
		};
		89D5D74E299CA16F00C87209 /* Main */ = {
			isa = PBXGroup;
			children = (
				89DD46732999DACD00F1E700 /* ScoreCardCVModel.swift */,
				89D5D746299C771D00C87209 /* FinishedMatchScoreCardTVModel.swift */,
				89DD46712999DA6900F1E700 /* MianViewModel.swift */,
			);
			path = Main;
			sourceTree = "<group>";
		};
		89E3733D29A622FE00F9AFFE /* SearchPlayer */ = {
			isa = PBXGroup;
			children = (
				89E3733E29A6231900F9AFFE /* SearchPlayer.storyboard */,
				89E3734129A625F700F9AFFE /* SearchPlayerViewController.swift */,
				89B56F4129A75594008FDDAD /* SearchPlayerVC+Textfield.swift */,
				89E3734329A626BF00F9AFFE /* SearchPlayerVC+TV.swift */,
				38ED711C29A7CA8A00E79D71 /* PlayerDetailsViewController.swift */,
				38ED711E29A7CBC500E79D71 /* PlayerDetailsVC+TV.swift */,
			);
			path = SearchPlayer;
			sourceTree = "<group>";
		};
		89E3734529A6272F00F9AFFE /* SearchPlayer */ = {
			isa = PBXGroup;
			children = (
				89E3734629A6274100F9AFFE /* SearchPlayerViewModel.swift */,
				89D108A829A8697500BB5793 /* PlayerDetailsViewModel.swift */,
			);
			path = SearchPlayer;
			sourceTree = "<group>";
		};
/* End PBXGroup section */

/* Begin PBXNativeTarget section */
		8901AB9229949D97000F8315 /* CricPulse */ = {
			isa = PBXNativeTarget;
			buildConfigurationList = 8901ABAA29949D98000F8315 /* Build configuration list for PBXNativeTarget "CricPulse" */;
			buildPhases = (
				8901AB8F29949D97000F8315 /* Sources */,
				8901AB9029949D97000F8315 /* Frameworks */,
				8901AB9129949D97000F8315 /* Resources */,
			);
			buildRules = (
			);
			dependencies = (
			);
			name = CricPulse;
			packageProductDependencies = (
				89E37EBF299F18900046D0F8 /* SDWebImage */,
			);
			productName = CricPulse;
			productReference = 8901AB9329949D97000F8315 /* CricPulse.app */;
			productType = "com.apple.product-type.application";
		};
/* End PBXNativeTarget section */

/* Begin PBXProject section */
		8901AB8B29949D97000F8315 /* Project object */ = {
			isa = PBXProject;
			attributes = {
				BuildIndependentTargetsInParallel = 1;
				LastSwiftUpdateCheck = 1420;
				LastUpgradeCheck = 1420;
				TargetAttributes = {
					8901AB9229949D97000F8315 = {
						CreatedOnToolsVersion = 14.2;
					};
				};
			};
			buildConfigurationList = 8901AB8E29949D97000F8315 /* Build configuration list for PBXProject "CricPulse" */;
			compatibilityVersion = "Xcode 14.0";
			developmentRegion = en;
			hasScannedForEncodings = 0;
			knownRegions = (
				en,
				Base,
			);
			mainGroup = 8901AB8A29949D97000F8315;
			packageReferences = (
				89E37EBE299F18900046D0F8 /* XCRemoteSwiftPackageReference "SDWebImage" */,
			);
			productRefGroup = 8901AB9429949D97000F8315 /* Products */;
			projectDirPath = "";
			projectRoot = "";
			targets = (
				8901AB9229949D97000F8315 /* CricPulse */,
			);
		};
/* End PBXProject section */

/* Begin PBXResourcesBuildPhase section */
		8901AB9129949D97000F8315 /* Resources */ = {
			isa = PBXResourcesBuildPhase;
			buildActionMask = 2147483647;
			files = (
				38AEAAD329A9C3EE008E5877 /* Fixture.storyboard in Resources */,
				8901ABA629949D98000F8315 /* LaunchScreen.storyboard in Resources */,
				384BBB6E2997CCF100F8C8EF /* ScoreCardCollectionViewCell.xib in Resources */,
				89D108AB29A873D000BB5793 /* HeaderForPlayerDetails.xib in Resources */,
				8901ABA329949D98000F8315 /* Assets.xcassets in Resources */,
				8992C8A829A370160071B9EB /* SquadListTableViewCell.xib in Resources */,
				38DED9A3299BE51500E865F4 /* HomeTVCell.xib in Resources */,
				38C010BE29A2825F004AECAC /* FooterForBattersCell.xib in Resources */,
				38C010BA29A26C08004AECAC /* HeaderForBattersCell.xib in Resources */,
				38A65B8229A3E35F0048D9D9 /* MatchInfoTableViewCell.xib in Resources */,
				8992C8AC29A383170071B9EB /* HeaderForSquadList.xib in Resources */,
				89E3734029A6231900F9AFFE /* SearchPlayer.storyboard in Resources */,
				38C010AA29A23117004AECAC /* DetailedScoreTViewCell.xib in Resources */,
				385A320829A6728300F56AC5 /* SearchPlayerTVCell.xib in Resources */,
				8901AB9E29949D97000F8315 /* Main.storyboard in Resources */,
				38ED712329A7CC8400E79D71 /* PlayerDetailsTVCell.xib in Resources */,
			);
			runOnlyForDeploymentPostprocessing = 0;
		};
/* End PBXResourcesBuildPhase section */

/* Begin PBXSourcesBuildPhase section */
		8901AB8F29949D97000F8315 /* Sources */ = {
			isa = PBXSourcesBuildPhase;
			buildActionMask = 2147483647;
			files = (
				89B56F3D29A71FA8008FDDAD /* CDPlayer+CoreDataClass.swift in Sources */,
				89D5D750299CAE6F00C87209 /* NetworkConstants.swift in Sources */,
				38AEAAD729A9D9D1008E5877 /* FixtureVC+TV.swift in Sources */,
				89D5D752299CD63800C87209 /* FixtureDataClass.swift in Sources */,
				38A65B9529A47C520048D9D9 /* BattingsDataClass.swift in Sources */,
				89B56F3529A71731008FDDAD /* CoreDataStack.swift in Sources */,
				38C5FBF229A1CF930066F9AB /* ScoreBoardViewController.swift in Sources */,
				38A65B9929A4C8670048D9D9 /* BowlingDataClass.swift in Sources */,
				38C5FBF829A1F53C0066F9AB /* DetailedScoreViewController.swift in Sources */,
				38ED711F29A7CBC500E79D71 /* PlayerDetailsVC+TV.swift in Sources */,
				388007F4299D31A900FA9C7B /* UITableViewEstension.swift in Sources */,
				89D5D756299CE28A00C87209 /* PlayerDataClass.swift in Sources */,
				89DD46722999DA6900F1E700 /* MianViewModel.swift in Sources */,
				38C010AC29A2420F004AECAC /* DetailedScoreVC+TBView.swift in Sources */,
				8901ABA129949D97000F8315 /* CricPulse.xcdatamodeld in Sources */,
				89D5D74D299C87EA00C87209 /* HomeTableViewCell.swift in Sources */,
				38ED712229A7CC8400E79D71 /* PlayerDetailsTVCell.swift in Sources */,
				89C9A4A0299DC8CC0054F2CF /* CustomError.swift in Sources */,
				89D5D754299CE10300C87209 /* TeamDataClass.swift in Sources */,
				89E3733C29A5B8AE00F9AFFE /* MatchDetailsViewController+MatchStatus.swift in Sources */,
				385A320729A6728300F56AC5 /* SearchPlayerTVCell.swift in Sources */,
				384BBB702997CD3A00F8C8EF /* AppConstants.swift in Sources */,
				8901AB9B29949D97000F8315 /* ViewController.swift in Sources */,
				8992C8AA29A378F60071B9EB /* SquadListVC+TV.swift in Sources */,
				89D5D747299C771D00C87209 /* FinishedMatchScoreCardTVModel.swift in Sources */,
				38ED711D29A7CA8A00E79D71 /* PlayerDetailsViewController.swift in Sources */,
				38C5FBF429A1CFDF0066F9AB /* MatchInfoViewController.swift in Sources */,
				89DD46742999DACD00F1E700 /* ScoreCardCVModel.swift in Sources */,
				38A65B8F29A4719F0048D9D9 /* PlayersRepository.swift in Sources */,
				8992C89B29A3343A0071B9EB /* HeaderForBattersCell.swift in Sources */,
				89E3734429A626BF00F9AFFE /* SearchPlayerVC+TV.swift in Sources */,
				89D5D758299CE7DC00C87209 /* ApiClient.swift in Sources */,
				38483C6729AA12D300D14667 /* FixtureViewModel.swift in Sources */,
				89D5D75A299CEBD600C87209 /* EndPoint.swift in Sources */,
				38C010A929A23117004AECAC /* DetailedScoreTViewCell.swift in Sources */,
				89E3734229A625F700F9AFFE /* SearchPlayerViewController.swift in Sources */,
				8901AB9729949D97000F8315 /* AppDelegate.swift in Sources */,
				38A65B8A29A45E950048D9D9 /* FixtureRepository.swift in Sources */,
				89B56F3E29A71FA8008FDDAD /* CDPlayer+CoreDataProperties.swift in Sources */,
				384BBB742997CEA700F8C8EF /* UIViewExtension.swift in Sources */,
				38A65B8429A3E88B0048D9D9 /* MatchInfoViewController+TV.swift in Sources */,
				89D108B329A8ADF100BB5793 /* PlayerStatGenerator.swift in Sources */,
				388007F6299D34F000FA9C7B /* UICollectionViewExtension.swift in Sources */,
				89B56F4229A75594008FDDAD /* SearchPlayerVC+Textfield.swift in Sources */,
				38A65B8129A3E35F0048D9D9 /* MatchInfoTableViewCell.swift in Sources */,
				38A65B9B29A4E6010048D9D9 /* DetailedMatchAdapter.swift in Sources */,
				8992C8AE29A384320071B9EB /* HeaderForSquadList.swift in Sources */,
				8992C8A729A370160071B9EB /* SquadListTableViewCell.swift in Sources */,
				38A65B9729A47C920048D9D9 /* Dummy.swift in Sources */,
				38F618C7299E92B1005F04C7 /* VenueDataClass.swift in Sources */,
				89E3734729A6274100F9AFFE /* SearchPlayerViewModel.swift in Sources */,
				89DD46702999D6FD00F1E700 /* ViwController+CollectionView.swift in Sources */,
				89D5D749299C789100C87209 /* MainViewController+Tableview.swift in Sources */,
				89D108AD29A8741D00BB5793 /* HeaderForPlayerDetails.swift in Sources */,
				384705C729AB4FD200573751 /* AlertBuilder.swift in Sources */,
				38F618C5299E84C8005F04C7 /* LeagueDataClass.swift in Sources */,
				89D108A929A8697500BB5793 /* PlayerDetailsViewModel.swift in Sources */,
				38AEAAD529A9CA89008E5877 /* FixtureViewController.swift in Sources */,
				38C010AE29A243D6004AECAC /* DetailedScoreViewModel.swift in Sources */,
				38F618CA29A09535005F04C7 /* MatchDetailsViewController.swift in Sources */,
				38A65B8C29A45F9A0048D9D9 /* RemoteFixtureRepository.swift in Sources */,
				38C010C029A282D5004AECAC /* FooterForBattersCell.swift in Sources */,
				89D108B129A885F400BB5793 /* Career.swift in Sources */,
				89B56F4029A721FF008FDDAD /* CoreDataHelper.swift in Sources */,
				38C5FBF629A1D0310066F9AB /* SquadListViewController.swift in Sources */,
				8901AB9929949D97000F8315 /* SceneDelegate.swift in Sources */,
				38A65B8729A458410048D9D9 /* UrlBuilder.swift in Sources */,
				384BBB6D2997CCF100F8C8EF /* ScoreCardCollectionViewCell.swift in Sources */,
				38C010B029A2463C004AECAC /* MatchDetailsViewModel.swift in Sources */,
			);
			runOnlyForDeploymentPostprocessing = 0;
		};
/* End PBXSourcesBuildPhase section */

/* Begin PBXVariantGroup section */
		8901AB9C29949D97000F8315 /* Main.storyboard */ = {
			isa = PBXVariantGroup;
			children = (
				8901AB9D29949D97000F8315 /* Base */,
			);
			name = Main.storyboard;
			sourceTree = "<group>";
		};
		8901ABA429949D98000F8315 /* LaunchScreen.storyboard */ = {
			isa = PBXVariantGroup;
			children = (
				8901ABA529949D98000F8315 /* Base */,
			);
			name = LaunchScreen.storyboard;
			sourceTree = "<group>";
		};
		89E3733E29A6231900F9AFFE /* SearchPlayer.storyboard */ = {
			isa = PBXVariantGroup;
			children = (
				89E3733F29A6231900F9AFFE /* Base */,
			);
			name = SearchPlayer.storyboard;
			sourceTree = "<group>";
		};
/* End PBXVariantGroup section */

/* Begin XCBuildConfiguration section */
		8901ABA829949D98000F8315 /* Debug */ = {
			isa = XCBuildConfiguration;
			buildSettings = {
				ALWAYS_SEARCH_USER_PATHS = NO;
				CLANG_ANALYZER_NONNULL = YES;
				CLANG_ANALYZER_NUMBER_OBJECT_CONVERSION = YES_AGGRESSIVE;
				CLANG_CXX_LANGUAGE_STANDARD = "gnu++20";
				CLANG_ENABLE_MODULES = YES;
				CLANG_ENABLE_OBJC_ARC = YES;
				CLANG_ENABLE_OBJC_WEAK = YES;
				CLANG_WARN_BLOCK_CAPTURE_AUTORELEASING = YES;
				CLANG_WARN_BOOL_CONVERSION = YES;
				CLANG_WARN_COMMA = YES;
				CLANG_WARN_CONSTANT_CONVERSION = YES;
				CLANG_WARN_DEPRECATED_OBJC_IMPLEMENTATIONS = YES;
				CLANG_WARN_DIRECT_OBJC_ISA_USAGE = YES_ERROR;
				CLANG_WARN_DOCUMENTATION_COMMENTS = YES;
				CLANG_WARN_EMPTY_BODY = YES;
				CLANG_WARN_ENUM_CONVERSION = YES;
				CLANG_WARN_INFINITE_RECURSION = YES;
				CLANG_WARN_INT_CONVERSION = YES;
				CLANG_WARN_NON_LITERAL_NULL_CONVERSION = YES;
				CLANG_WARN_OBJC_IMPLICIT_RETAIN_SELF = YES;
				CLANG_WARN_OBJC_LITERAL_CONVERSION = YES;
				CLANG_WARN_OBJC_ROOT_CLASS = YES_ERROR;
				CLANG_WARN_QUOTED_INCLUDE_IN_FRAMEWORK_HEADER = YES;
				CLANG_WARN_RANGE_LOOP_ANALYSIS = YES;
				CLANG_WARN_STRICT_PROTOTYPES = YES;
				CLANG_WARN_SUSPICIOUS_MOVE = YES;
				CLANG_WARN_UNGUARDED_AVAILABILITY = YES_AGGRESSIVE;
				CLANG_WARN_UNREACHABLE_CODE = YES;
				CLANG_WARN__DUPLICATE_METHOD_MATCH = YES;
				COPY_PHASE_STRIP = NO;
				DEBUG_INFORMATION_FORMAT = dwarf;
				ENABLE_STRICT_OBJC_MSGSEND = YES;
				ENABLE_TESTABILITY = YES;
				GCC_C_LANGUAGE_STANDARD = gnu11;
				GCC_DYNAMIC_NO_PIC = NO;
				GCC_NO_COMMON_BLOCKS = YES;
				GCC_OPTIMIZATION_LEVEL = 0;
				GCC_PREPROCESSOR_DEFINITIONS = (
					"DEBUG=1",
					"$(inherited)",
				);
				GCC_WARN_64_TO_32_BIT_CONVERSION = YES;
				GCC_WARN_ABOUT_RETURN_TYPE = YES_ERROR;
				GCC_WARN_UNDECLARED_SELECTOR = YES;
				GCC_WARN_UNINITIALIZED_AUTOS = YES_AGGRESSIVE;
				GCC_WARN_UNUSED_FUNCTION = YES;
				GCC_WARN_UNUSED_VARIABLE = YES;
				IPHONEOS_DEPLOYMENT_TARGET = 15.0;
				MTL_ENABLE_DEBUG_INFO = INCLUDE_SOURCE;
				MTL_FAST_MATH = YES;
				ONLY_ACTIVE_ARCH = YES;
				SDKROOT = iphoneos;
				SWIFT_ACTIVE_COMPILATION_CONDITIONS = DEBUG;
				SWIFT_OPTIMIZATION_LEVEL = "-Onone";
			};
			name = Debug;
		};
		8901ABA929949D98000F8315 /* Release */ = {
			isa = XCBuildConfiguration;
			buildSettings = {
				ALWAYS_SEARCH_USER_PATHS = NO;
				CLANG_ANALYZER_NONNULL = YES;
				CLANG_ANALYZER_NUMBER_OBJECT_CONVERSION = YES_AGGRESSIVE;
				CLANG_CXX_LANGUAGE_STANDARD = "gnu++20";
				CLANG_ENABLE_MODULES = YES;
				CLANG_ENABLE_OBJC_ARC = YES;
				CLANG_ENABLE_OBJC_WEAK = YES;
				CLANG_WARN_BLOCK_CAPTURE_AUTORELEASING = YES;
				CLANG_WARN_BOOL_CONVERSION = YES;
				CLANG_WARN_COMMA = YES;
				CLANG_WARN_CONSTANT_CONVERSION = YES;
				CLANG_WARN_DEPRECATED_OBJC_IMPLEMENTATIONS = YES;
				CLANG_WARN_DIRECT_OBJC_ISA_USAGE = YES_ERROR;
				CLANG_WARN_DOCUMENTATION_COMMENTS = YES;
				CLANG_WARN_EMPTY_BODY = YES;
				CLANG_WARN_ENUM_CONVERSION = YES;
				CLANG_WARN_INFINITE_RECURSION = YES;
				CLANG_WARN_INT_CONVERSION = YES;
				CLANG_WARN_NON_LITERAL_NULL_CONVERSION = YES;
				CLANG_WARN_OBJC_IMPLICIT_RETAIN_SELF = YES;
				CLANG_WARN_OBJC_LITERAL_CONVERSION = YES;
				CLANG_WARN_OBJC_ROOT_CLASS = YES_ERROR;
				CLANG_WARN_QUOTED_INCLUDE_IN_FRAMEWORK_HEADER = YES;
				CLANG_WARN_RANGE_LOOP_ANALYSIS = YES;
				CLANG_WARN_STRICT_PROTOTYPES = YES;
				CLANG_WARN_SUSPICIOUS_MOVE = YES;
				CLANG_WARN_UNGUARDED_AVAILABILITY = YES_AGGRESSIVE;
				CLANG_WARN_UNREACHABLE_CODE = YES;
				CLANG_WARN__DUPLICATE_METHOD_MATCH = YES;
				COPY_PHASE_STRIP = NO;
				DEBUG_INFORMATION_FORMAT = "dwarf-with-dsym";
				ENABLE_NS_ASSERTIONS = NO;
				ENABLE_STRICT_OBJC_MSGSEND = YES;
				GCC_C_LANGUAGE_STANDARD = gnu11;
				GCC_NO_COMMON_BLOCKS = YES;
				GCC_WARN_64_TO_32_BIT_CONVERSION = YES;
				GCC_WARN_ABOUT_RETURN_TYPE = YES_ERROR;
				GCC_WARN_UNDECLARED_SELECTOR = YES;
				GCC_WARN_UNINITIALIZED_AUTOS = YES_AGGRESSIVE;
				GCC_WARN_UNUSED_FUNCTION = YES;
				GCC_WARN_UNUSED_VARIABLE = YES;
				IPHONEOS_DEPLOYMENT_TARGET = 15.0;
				MTL_ENABLE_DEBUG_INFO = NO;
				MTL_FAST_MATH = YES;
				SDKROOT = iphoneos;
				SWIFT_COMPILATION_MODE = wholemodule;
				SWIFT_OPTIMIZATION_LEVEL = "-O";
				VALIDATE_PRODUCT = YES;
			};
			name = Release;
		};
		8901ABAB29949D98000F8315 /* Debug */ = {
			isa = XCBuildConfiguration;
			buildSettings = {
				ASSETCATALOG_COMPILER_APPICON_NAME = AppIcon;
				"ASSETCATALOG_COMPILER_APPICON_NAME[sdk=iphoneos*]" = AppIcon;
				ASSETCATALOG_COMPILER_GLOBAL_ACCENT_COLOR_NAME = AccentColor;
				ASSETCATALOG_COMPILER_INCLUDE_ALL_APPICON_ASSETS = NO;
				CODE_SIGN_STYLE = Automatic;
				CURRENT_PROJECT_VERSION = 1;
				DEVELOPMENT_TEAM = PH6TSH68UW;
				GENERATE_INFOPLIST_FILE = YES;
				INFOPLIST_FILE = CricPulse/Info.plist;
				INFOPLIST_KEY_CFBundleDisplayName = CricPulse;
				INFOPLIST_KEY_LSApplicationCategoryType = "public.app-category.sports";
				INFOPLIST_KEY_UIApplicationSupportsIndirectInputEvents = YES;
				INFOPLIST_KEY_UILaunchStoryboardName = LaunchScreen.storyboard;
				INFOPLIST_KEY_UIMainStoryboardFile = Main;
				INFOPLIST_KEY_UISupportedInterfaceOrientations = UIInterfaceOrientationPortrait;
				INFOPLIST_KEY_UISupportedInterfaceOrientations_iPad = "UIInterfaceOrientationLandscapeLeft UIInterfaceOrientationLandscapeRight UIInterfaceOrientationPortrait UIInterfaceOrientationPortraitUpsideDown";
				IPHONEOS_DEPLOYMENT_TARGET = 15.0;
				LD_RUNPATH_SEARCH_PATHS = (
					"$(inherited)",
					"@executable_path/Frameworks",
				);
				MARKETING_VERSION = 1.0;
				PRODUCT_BUNDLE_IDENTIFIER = com.bjit.CricPulse;
				PRODUCT_NAME = "$(TARGET_NAME)";
				SUPPORTED_PLATFORMS = "iphoneos iphonesimulator";
				SUPPORTS_MACCATALYST = NO;
				SUPPORTS_MAC_DESIGNED_FOR_IPHONE_IPAD = NO;
				SWIFT_EMIT_LOC_STRINGS = YES;
				SWIFT_VERSION = 5.0;
				TARGETED_DEVICE_FAMILY = 1;
			};
			name = Debug;
		};
		8901ABAC29949D98000F8315 /* Release */ = {
			isa = XCBuildConfiguration;
			buildSettings = {
				ASSETCATALOG_COMPILER_APPICON_NAME = AppIcon;
				"ASSETCATALOG_COMPILER_APPICON_NAME[sdk=iphoneos*]" = AppIcon;
				ASSETCATALOG_COMPILER_GLOBAL_ACCENT_COLOR_NAME = AccentColor;
				ASSETCATALOG_COMPILER_INCLUDE_ALL_APPICON_ASSETS = NO;
				CODE_SIGN_STYLE = Automatic;
				CURRENT_PROJECT_VERSION = 1;
				DEVELOPMENT_TEAM = PH6TSH68UW;
				GENERATE_INFOPLIST_FILE = YES;
				INFOPLIST_FILE = CricPulse/Info.plist;
				INFOPLIST_KEY_CFBundleDisplayName = CricPulse;
				INFOPLIST_KEY_LSApplicationCategoryType = "public.app-category.sports";
				INFOPLIST_KEY_UIApplicationSupportsIndirectInputEvents = YES;
				INFOPLIST_KEY_UILaunchStoryboardName = LaunchScreen.storyboard;
				INFOPLIST_KEY_UIMainStoryboardFile = Main;
				INFOPLIST_KEY_UISupportedInterfaceOrientations = UIInterfaceOrientationPortrait;
				INFOPLIST_KEY_UISupportedInterfaceOrientations_iPad = "UIInterfaceOrientationLandscapeLeft UIInterfaceOrientationLandscapeRight UIInterfaceOrientationPortrait UIInterfaceOrientationPortraitUpsideDown";
				IPHONEOS_DEPLOYMENT_TARGET = 15.0;
				LD_RUNPATH_SEARCH_PATHS = (
					"$(inherited)",
					"@executable_path/Frameworks",
				);
				MARKETING_VERSION = 1.0;
				PRODUCT_BUNDLE_IDENTIFIER = com.bjit.CricPulse;
				PRODUCT_NAME = "$(TARGET_NAME)";
				SUPPORTED_PLATFORMS = "iphoneos iphonesimulator";
				SUPPORTS_MACCATALYST = NO;
				SUPPORTS_MAC_DESIGNED_FOR_IPHONE_IPAD = NO;
				SWIFT_EMIT_LOC_STRINGS = YES;
				SWIFT_VERSION = 5.0;
				TARGETED_DEVICE_FAMILY = 1;
			};
			name = Release;
		};
/* End XCBuildConfiguration section */

/* Begin XCConfigurationList section */
		8901AB8E29949D97000F8315 /* Build configuration list for PBXProject "CricPulse" */ = {
			isa = XCConfigurationList;
			buildConfigurations = (
				8901ABA829949D98000F8315 /* Debug */,
				8901ABA929949D98000F8315 /* Release */,
			);
			defaultConfigurationIsVisible = 0;
			defaultConfigurationName = Release;
		};
		8901ABAA29949D98000F8315 /* Build configuration list for PBXNativeTarget "CricPulse" */ = {
			isa = XCConfigurationList;
			buildConfigurations = (
				8901ABAB29949D98000F8315 /* Debug */,
				8901ABAC29949D98000F8315 /* Release */,
			);
			defaultConfigurationIsVisible = 0;
			defaultConfigurationName = Release;
		};
/* End XCConfigurationList section */

/* Begin XCRemoteSwiftPackageReference section */
		89E37EBE299F18900046D0F8 /* XCRemoteSwiftPackageReference "SDWebImage" */ = {
			isa = XCRemoteSwiftPackageReference;
			repositoryURL = "git@github.com:SDWebImage/SDWebImage.git";
			requirement = {
				branch = master;
				kind = branch;
			};
		};
/* End XCRemoteSwiftPackageReference section */

/* Begin XCSwiftPackageProductDependency section */
		89E37EBF299F18900046D0F8 /* SDWebImage */ = {
			isa = XCSwiftPackageProductDependency;
			package = 89E37EBE299F18900046D0F8 /* XCRemoteSwiftPackageReference "SDWebImage" */;
			productName = SDWebImage;
		};
/* End XCSwiftPackageProductDependency section */

/* Begin XCVersionGroup section */
		8901AB9F29949D97000F8315 /* CricPulse.xcdatamodeld */ = {
			isa = XCVersionGroup;
			children = (
				8901ABA029949D97000F8315 /* CricPulse.xcdatamodel */,
			);
			currentVersion = 8901ABA029949D97000F8315 /* CricPulse.xcdatamodel */;
			path = CricPulse.xcdatamodeld;
			sourceTree = "<group>";
			versionGroupType = wrapper.xcdatamodel;
		};
/* End XCVersionGroup section */
	};
	rootObject = 8901AB8B29949D97000F8315 /* Project object */;
}
