// !$*UTF8*$!
{
	archiveVersion = 1;
	classes = {
	};
	objectVersion = 56;
	objects = {

/* Begin PBXBuildFile section */
		384BBB6D2997CCF100F8C8EF /* ScoreCardCollectionViewCell.swift in Sources */ = {isa = PBXBuildFile; fileRef = 384BBB6B2997CCF100F8C8EF /* ScoreCardCollectionViewCell.swift */; };
		384BBB6E2997CCF100F8C8EF /* ScoreCardCollectionViewCell.xib in Resources */ = {isa = PBXBuildFile; fileRef = 384BBB6C2997CCF100F8C8EF /* ScoreCardCollectionViewCell.xib */; };
		384BBB702997CD3A00F8C8EF /* AppConstants.swift in Sources */ = {isa = PBXBuildFile; fileRef = 384BBB6F2997CD3A00F8C8EF /* AppConstants.swift */; };
		384BBB742997CEA700F8C8EF /* UIViewExtension.swift in Sources */ = {isa = PBXBuildFile; fileRef = 384BBB732997CEA700F8C8EF /* UIViewExtension.swift */; };
		8901AB9729949D97000F8315 /* AppDelegate.swift in Sources */ = {isa = PBXBuildFile; fileRef = 8901AB9629949D97000F8315 /* AppDelegate.swift */; };
		8901AB9929949D97000F8315 /* SceneDelegate.swift in Sources */ = {isa = PBXBuildFile; fileRef = 8901AB9829949D97000F8315 /* SceneDelegate.swift */; };
		8901AB9B29949D97000F8315 /* ViewController.swift in Sources */ = {isa = PBXBuildFile; fileRef = 8901AB9A29949D97000F8315 /* ViewController.swift */; };
		8901AB9E29949D97000F8315 /* Main.storyboard in Resources */ = {isa = PBXBuildFile; fileRef = 8901AB9C29949D97000F8315 /* Main.storyboard */; };
		8901ABA129949D97000F8315 /* CricPulse.xcdatamodeld in Sources */ = {isa = PBXBuildFile; fileRef = 8901AB9F29949D97000F8315 /* CricPulse.xcdatamodeld */; };
		8901ABA329949D98000F8315 /* Assets.xcassets in Resources */ = {isa = PBXBuildFile; fileRef = 8901ABA229949D98000F8315 /* Assets.xcassets */; };
		8901ABA629949D98000F8315 /* LaunchScreen.storyboard in Resources */ = {isa = PBXBuildFile; fileRef = 8901ABA429949D98000F8315 /* LaunchScreen.storyboard */; };
/* End PBXBuildFile section */

/* Begin PBXFileReference section */
		384BBB6B2997CCF100F8C8EF /* ScoreCardCollectionViewCell.swift */ = {isa = PBXFileReference; lastKnownFileType = sourcecode.swift; path = ScoreCardCollectionViewCell.swift; sourceTree = "<group>"; };
		384BBB6C2997CCF100F8C8EF /* ScoreCardCollectionViewCell.xib */ = {isa = PBXFileReference; lastKnownFileType = file.xib; path = ScoreCardCollectionViewCell.xib; sourceTree = "<group>"; };
		384BBB6F2997CD3A00F8C8EF /* AppConstants.swift */ = {isa = PBXFileReference; lastKnownFileType = sourcecode.swift; path = AppConstants.swift; sourceTree = "<group>"; };
		384BBB732997CEA700F8C8EF /* UIViewExtension.swift */ = {isa = PBXFileReference; lastKnownFileType = sourcecode.swift; path = UIViewExtension.swift; sourceTree = "<group>"; };
		8901AB9329949D97000F8315 /* CricPulse.app */ = {isa = PBXFileReference; explicitFileType = wrapper.application; includeInIndex = 0; path = CricPulse.app; sourceTree = BUILT_PRODUCTS_DIR; };
		8901AB9629949D97000F8315 /* AppDelegate.swift */ = {isa = PBXFileReference; lastKnownFileType = sourcecode.swift; path = AppDelegate.swift; sourceTree = "<group>"; };
		8901AB9829949D97000F8315 /* SceneDelegate.swift */ = {isa = PBXFileReference; lastKnownFileType = sourcecode.swift; path = SceneDelegate.swift; sourceTree = "<group>"; };
		8901AB9A29949D97000F8315 /* ViewController.swift */ = {isa = PBXFileReference; lastKnownFileType = sourcecode.swift; path = ViewController.swift; sourceTree = "<group>"; };
		8901AB9D29949D97000F8315 /* Base */ = {isa = PBXFileReference; lastKnownFileType = file.storyboard; name = Base; path = Base.lproj/Main.storyboard; sourceTree = "<group>"; };
		8901ABA029949D97000F8315 /* CricPulse.xcdatamodel */ = {isa = PBXFileReference; lastKnownFileType = wrapper.xcdatamodel; path = CricPulse.xcdatamodel; sourceTree = "<group>"; };
		8901ABA229949D98000F8315 /* Assets.xcassets */ = {isa = PBXFileReference; lastKnownFileType = folder.assetcatalog; path = Assets.xcassets; sourceTree = "<group>"; };
		8901ABA529949D98000F8315 /* Base */ = {isa = PBXFileReference; lastKnownFileType = file.storyboard; name = Base; path = Base.lproj/LaunchScreen.storyboard; sourceTree = "<group>"; };
		8901ABA729949D98000F8315 /* Info.plist */ = {isa = PBXFileReference; lastKnownFileType = text.plist.xml; path = Info.plist; sourceTree = "<group>"; };
/* End PBXFileReference section */

/* Begin PBXFrameworksBuildPhase section */
		8901AB9029949D97000F8315 /* Frameworks */ = {
			isa = PBXFrameworksBuildPhase;
			buildActionMask = 2147483647;
			files = (
			);
			runOnlyForDeploymentPostprocessing = 0;
		};
/* End PBXFrameworksBuildPhase section */

/* Begin PBXGroup section */
		384BBB6A2997CCC300F8C8EF /* ScoreCard */ = {
			isa = PBXGroup;
			children = (
				384BBB6B2997CCF100F8C8EF /* ScoreCardCollectionViewCell.swift */,
				384BBB6C2997CCF100F8C8EF /* ScoreCardCollectionViewCell.xib */,
			);
			path = ScoreCard;
			sourceTree = "<group>";
		};
		384BBB722997CE6C00F8C8EF /* AppExtensions */ = {
			isa = PBXGroup;
			children = (
				384BBB732997CEA700F8C8EF /* UIViewExtension.swift */,
			);
			path = AppExtensions;
			sourceTree = "<group>";
		};
		384BBB752997D02200F8C8EF /* Constants */ = {
			isa = PBXGroup;
			children = (
				384BBB6F2997CD3A00F8C8EF /* AppConstants.swift */,
			);
			path = Constants;
			sourceTree = "<group>";
		};
		8901AB8A29949D97000F8315 = {
			isa = PBXGroup;
			children = (
				8901AB9529949D97000F8315 /* CricPulse */,
				8901AB9429949D97000F8315 /* Products */,
			);
			sourceTree = "<group>";
		};
		8901AB9429949D97000F8315 /* Products */ = {
			isa = PBXGroup;
			children = (
				8901AB9329949D97000F8315 /* CricPulse.app */,
			);
			name = Products;
			sourceTree = "<group>";
		};
		8901AB9529949D97000F8315 /* CricPulse */ = {
			isa = PBXGroup;
			children = (
				8901ABB42994A8B4000F8315 /* Shared */,
				8901ABAE2994A7A2000F8315 /* Controllers */,
				8901ABB62994A8F7000F8315 /* Model */,
				8901ABAF2994A7DC000F8315 /* View */,
				8901ABB72994A8FF000F8315 /* ViewModel */,
				8901ABA729949D98000F8315 /* Info.plist */,
				8901AB9F29949D97000F8315 /* CricPulse.xcdatamodeld */,
			);
			path = CricPulse;
			sourceTree = "<group>";
		};
		8901ABAD2994A779000F8315 /* MainViewController */ = {
			isa = PBXGroup;
			children = (
				8901AB9A29949D97000F8315 /* ViewController.swift */,
				8901AB9C29949D97000F8315 /* Main.storyboard */,
			);
			path = MainViewController;
			sourceTree = "<group>";
		};
		8901ABAE2994A7A2000F8315 /* Controllers */ = {
			isa = PBXGroup;
			children = (
				8901ABAD2994A779000F8315 /* MainViewController */,
			);
			path = Controllers;
			sourceTree = "<group>";
		};
		8901ABAF2994A7DC000F8315 /* View */ = {
			isa = PBXGroup;
			children = (
				384BBB6A2997CCC300F8C8EF /* ScoreCard */,
				8901ABA429949D98000F8315 /* LaunchScreen.storyboard */,
			);
			path = View;
			sourceTree = "<group>";
		};
		8901ABB12994A802000F8315 /* Resources */ = {
			isa = PBXGroup;
			children = (
				8901ABA229949D98000F8315 /* Assets.xcassets */,
			);
			path = Resources;
			sourceTree = "<group>";
		};
		8901ABB22994A899000F8315 /* Networking */ = {
			isa = PBXGroup;
			children = (
			);
			path = Networking;
			sourceTree = "<group>";
		};
		8901ABB32994A8A1000F8315 /* Classes */ = {
			isa = PBXGroup;
			children = (
			);
			path = Classes;
			sourceTree = "<group>";
		};
		8901ABB42994A8B4000F8315 /* Shared */ = {
			isa = PBXGroup;
			children = (
				8901AB9629949D97000F8315 /* AppDelegate.swift */,
				384BBB752997D02200F8C8EF /* Constants */,
				384BBB722997CE6C00F8C8EF /* AppExtensions */,
				8901AB9829949D97000F8315 /* SceneDelegate.swift */,
				8901ABB52994A8D9000F8315 /* Extensions */,
				8901ABB32994A8A1000F8315 /* Classes */,
				8901ABB22994A899000F8315 /* Networking */,
				8901ABB12994A802000F8315 /* Resources */,
			);
			path = Shared;
			sourceTree = "<group>";
		};
		8901ABB52994A8D9000F8315 /* Extensions */ = {
			isa = PBXGroup;
			children = (
			);
			path = Extensions;
			sourceTree = "<group>";
		};
		8901ABB62994A8F7000F8315 /* Model */ = {
			isa = PBXGroup;
			children = (
			);
			path = Model;
			sourceTree = "<group>";
		};
		8901ABB72994A8FF000F8315 /* ViewModel */ = {
			isa = PBXGroup;
			children = (
			);
			path = ViewModel;
			sourceTree = "<group>";
		};
/* End PBXGroup section */

/* Begin PBXNativeTarget section */
		8901AB9229949D97000F8315 /* CricPulse */ = {
			isa = PBXNativeTarget;
			buildConfigurationList = 8901ABAA29949D98000F8315 /* Build configuration list for PBXNativeTarget "CricPulse" */;
			buildPhases = (
				8901AB8F29949D97000F8315 /* Sources */,
				8901AB9029949D97000F8315 /* Frameworks */,
				8901AB9129949D97000F8315 /* Resources */,
			);
			buildRules = (
			);
			dependencies = (
			);
			name = CricPulse;
			productName = CricPulse;
			productReference = 8901AB9329949D97000F8315 /* CricPulse.app */;
			productType = "com.apple.product-type.application";
		};
/* End PBXNativeTarget section */

/* Begin PBXProject section */
		8901AB8B29949D97000F8315 /* Project object */ = {
			isa = PBXProject;
			attributes = {
				BuildIndependentTargetsInParallel = 1;
				LastSwiftUpdateCheck = 1420;
				LastUpgradeCheck = 1420;
				TargetAttributes = {
					8901AB9229949D97000F8315 = {
						CreatedOnToolsVersion = 14.2;
					};
				};
			};
			buildConfigurationList = 8901AB8E29949D97000F8315 /* Build configuration list for PBXProject "CricPulse" */;
			compatibilityVersion = "Xcode 14.0";
			developmentRegion = en;
			hasScannedForEncodings = 0;
			knownRegions = (
				en,
				Base,
			);
			mainGroup = 8901AB8A29949D97000F8315;
			productRefGroup = 8901AB9429949D97000F8315 /* Products */;
			projectDirPath = "";
			projectRoot = "";
			targets = (
				8901AB9229949D97000F8315 /* CricPulse */,
			);
		};
/* End PBXProject section */

/* Begin PBXResourcesBuildPhase section */
		8901AB9129949D97000F8315 /* Resources */ = {
			isa = PBXResourcesBuildPhase;
			buildActionMask = 2147483647;
			files = (
				8901ABA629949D98000F8315 /* LaunchScreen.storyboard in Resources */,
				384BBB6E2997CCF100F8C8EF /* ScoreCardCollectionViewCell.xib in Resources */,
				8901ABA329949D98000F8315 /* Assets.xcassets in Resources */,
				8901AB9E29949D97000F8315 /* Main.storyboard in Resources */,
			);
			runOnlyForDeploymentPostprocessing = 0;
		};
/* End PBXResourcesBuildPhase section */

/* Begin PBXSourcesBuildPhase section */
		8901AB8F29949D97000F8315 /* Sources */ = {
			isa = PBXSourcesBuildPhase;
			buildActionMask = 2147483647;
			files = (
				8901ABA129949D97000F8315 /* CricPulse.xcdatamodeld in Sources */,
				384BBB702997CD3A00F8C8EF /* AppConstants.swift in Sources */,
				8901AB9B29949D97000F8315 /* ViewController.swift in Sources */,
				8901AB9729949D97000F8315 /* AppDelegate.swift in Sources */,
				384BBB742997CEA700F8C8EF /* UIViewExtension.swift in Sources */,
				8901AB9929949D97000F8315 /* SceneDelegate.swift in Sources */,
				384BBB6D2997CCF100F8C8EF /* ScoreCardCollectionViewCell.swift in Sources */,
			);
			runOnlyForDeploymentPostprocessing = 0;
		};
/* End PBXSourcesBuildPhase section */

/* Begin PBXVariantGroup section */
		8901AB9C29949D97000F8315 /* Main.storyboard */ = {
			isa = PBXVariantGroup;
			children = (
				8901AB9D29949D97000F8315 /* Base */,
			);
			name = Main.storyboard;
			sourceTree = "<group>";
		};
		8901ABA429949D98000F8315 /* LaunchScreen.storyboard */ = {
			isa = PBXVariantGroup;
			children = (
				8901ABA529949D98000F8315 /* Base */,
			);
			name = LaunchScreen.storyboard;
			sourceTree = "<group>";
		};
/* End PBXVariantGroup section */

/* Begin XCBuildConfiguration section */
		8901ABA829949D98000F8315 /* Debug */ = {
			isa = XCBuildConfiguration;
			buildSettings = {
				ALWAYS_SEARCH_USER_PATHS = NO;
				CLANG_ANALYZER_NONNULL = YES;
				CLANG_ANALYZER_NUMBER_OBJECT_CONVERSION = YES_AGGRESSIVE;
				CLANG_CXX_LANGUAGE_STANDARD = "gnu++20";
				CLANG_ENABLE_MODULES = YES;
				CLANG_ENABLE_OBJC_ARC = YES;
				CLANG_ENABLE_OBJC_WEAK = YES;
				CLANG_WARN_BLOCK_CAPTURE_AUTORELEASING = YES;
				CLANG_WARN_BOOL_CONVERSION = YES;
				CLANG_WARN_COMMA = YES;
				CLANG_WARN_CONSTANT_CONVERSION = YES;
				CLANG_WARN_DEPRECATED_OBJC_IMPLEMENTATIONS = YES;
				CLANG_WARN_DIRECT_OBJC_ISA_USAGE = YES_ERROR;
				CLANG_WARN_DOCUMENTATION_COMMENTS = YES;
				CLANG_WARN_EMPTY_BODY = YES;
				CLANG_WARN_ENUM_CONVERSION = YES;
				CLANG_WARN_INFINITE_RECURSION = YES;
				CLANG_WARN_INT_CONVERSION = YES;
				CLANG_WARN_NON_LITERAL_NULL_CONVERSION = YES;
				CLANG_WARN_OBJC_IMPLICIT_RETAIN_SELF = YES;
				CLANG_WARN_OBJC_LITERAL_CONVERSION = YES;
				CLANG_WARN_OBJC_ROOT_CLASS = YES_ERROR;
				CLANG_WARN_QUOTED_INCLUDE_IN_FRAMEWORK_HEADER = YES;
				CLANG_WARN_RANGE_LOOP_ANALYSIS = YES;
				CLANG_WARN_STRICT_PROTOTYPES = YES;
				CLANG_WARN_SUSPICIOUS_MOVE = YES;
				CLANG_WARN_UNGUARDED_AVAILABILITY = YES_AGGRESSIVE;
				CLANG_WARN_UNREACHABLE_CODE = YES;
				CLANG_WARN__DUPLICATE_METHOD_MATCH = YES;
				COPY_PHASE_STRIP = NO;
				DEBUG_INFORMATION_FORMAT = dwarf;
				ENABLE_STRICT_OBJC_MSGSEND = YES;
				ENABLE_TESTABILITY = YES;
				GCC_C_LANGUAGE_STANDARD = gnu11;
				GCC_DYNAMIC_NO_PIC = NO;
				GCC_NO_COMMON_BLOCKS = YES;
				GCC_OPTIMIZATION_LEVEL = 0;
				GCC_PREPROCESSOR_DEFINITIONS = (
					"DEBUG=1",
					"$(inherited)",
				);
				GCC_WARN_64_TO_32_BIT_CONVERSION = YES;
				GCC_WARN_ABOUT_RETURN_TYPE = YES_ERROR;
				GCC_WARN_UNDECLARED_SELECTOR = YES;
				GCC_WARN_UNINITIALIZED_AUTOS = YES_AGGRESSIVE;
				GCC_WARN_UNUSED_FUNCTION = YES;
				GCC_WARN_UNUSED_VARIABLE = YES;
				IPHONEOS_DEPLOYMENT_TARGET = 16.2;
				MTL_ENABLE_DEBUG_INFO = INCLUDE_SOURCE;
				MTL_FAST_MATH = YES;
				ONLY_ACTIVE_ARCH = YES;
				SDKROOT = iphoneos;
				SWIFT_ACTIVE_COMPILATION_CONDITIONS = DEBUG;
				SWIFT_OPTIMIZATION_LEVEL = "-Onone";
			};
			name = Debug;
		};
		8901ABA929949D98000F8315 /* Release */ = {
			isa = XCBuildConfiguration;
			buildSettings = {
				ALWAYS_SEARCH_USER_PATHS = NO;
				CLANG_ANALYZER_NONNULL = YES;
				CLANG_ANALYZER_NUMBER_OBJECT_CONVERSION = YES_AGGRESSIVE;
				CLANG_CXX_LANGUAGE_STANDARD = "gnu++20";
				CLANG_ENABLE_MODULES = YES;
				CLANG_ENABLE_OBJC_ARC = YES;
				CLANG_ENABLE_OBJC_WEAK = YES;
				CLANG_WARN_BLOCK_CAPTURE_AUTORELEASING = YES;
				CLANG_WARN_BOOL_CONVERSION = YES;
				CLANG_WARN_COMMA = YES;
				CLANG_WARN_CONSTANT_CONVERSION = YES;
				CLANG_WARN_DEPRECATED_OBJC_IMPLEMENTATIONS = YES;
				CLANG_WARN_DIRECT_OBJC_ISA_USAGE = YES_ERROR;
				CLANG_WARN_DOCUMENTATION_COMMENTS = YES;
				CLANG_WARN_EMPTY_BODY = YES;
				CLANG_WARN_ENUM_CONVERSION = YES;
				CLANG_WARN_INFINITE_RECURSION = YES;
				CLANG_WARN_INT_CONVERSION = YES;
				CLANG_WARN_NON_LITERAL_NULL_CONVERSION = YES;
				CLANG_WARN_OBJC_IMPLICIT_RETAIN_SELF = YES;
				CLANG_WARN_OBJC_LITERAL_CONVERSION = YES;
				CLANG_WARN_OBJC_ROOT_CLASS = YES_ERROR;
				CLANG_WARN_QUOTED_INCLUDE_IN_FRAMEWORK_HEADER = YES;
				CLANG_WARN_RANGE_LOOP_ANALYSIS = YES;
				CLANG_WARN_STRICT_PROTOTYPES = YES;
				CLANG_WARN_SUSPICIOUS_MOVE = YES;
				CLANG_WARN_UNGUARDED_AVAILABILITY = YES_AGGRESSIVE;
				CLANG_WARN_UNREACHABLE_CODE = YES;
				CLANG_WARN__DUPLICATE_METHOD_MATCH = YES;
				COPY_PHASE_STRIP = NO;
				DEBUG_INFORMATION_FORMAT = "dwarf-with-dsym";
				ENABLE_NS_ASSERTIONS = NO;
				ENABLE_STRICT_OBJC_MSGSEND = YES;
				GCC_C_LANGUAGE_STANDARD = gnu11;
				GCC_NO_COMMON_BLOCKS = YES;
				GCC_WARN_64_TO_32_BIT_CONVERSION = YES;
				GCC_WARN_ABOUT_RETURN_TYPE = YES_ERROR;
				GCC_WARN_UNDECLARED_SELECTOR = YES;
				GCC_WARN_UNINITIALIZED_AUTOS = YES_AGGRESSIVE;
				GCC_WARN_UNUSED_FUNCTION = YES;
				GCC_WARN_UNUSED_VARIABLE = YES;
				IPHONEOS_DEPLOYMENT_TARGET = 16.2;
				MTL_ENABLE_DEBUG_INFO = NO;
				MTL_FAST_MATH = YES;
				SDKROOT = iphoneos;
				SWIFT_COMPILATION_MODE = wholemodule;
				SWIFT_OPTIMIZATION_LEVEL = "-O";
				VALIDATE_PRODUCT = YES;
			};
			name = Release;
		};
		8901ABAB29949D98000F8315 /* Debug */ = {
			isa = XCBuildConfiguration;
			buildSettings = {
				ASSETCATALOG_COMPILER_APPICON_NAME = AppIcon;
				ASSETCATALOG_COMPILER_GLOBAL_ACCENT_COLOR_NAME = AccentColor;
				CODE_SIGN_STYLE = Automatic;
				CURRENT_PROJECT_VERSION = 1;
				DEVELOPMENT_TEAM = YXX3K8V779;
				GENERATE_INFOPLIST_FILE = YES;
				INFOPLIST_FILE = CricPulse/Info.plist;
				INFOPLIST_KEY_CFBundleDisplayName = CricPulse;
				INFOPLIST_KEY_LSApplicationCategoryType = "public.app-category.sports";
				INFOPLIST_KEY_UIApplicationSupportsIndirectInputEvents = YES;
				INFOPLIST_KEY_UILaunchStoryboardName = LaunchScreen;
				INFOPLIST_KEY_UIMainStoryboardFile = Main;
				INFOPLIST_KEY_UISupportedInterfaceOrientations = UIInterfaceOrientationPortrait;
				INFOPLIST_KEY_UISupportedInterfaceOrientations_iPad = "UIInterfaceOrientationLandscapeLeft UIInterfaceOrientationLandscapeRight UIInterfaceOrientationPortrait UIInterfaceOrientationPortraitUpsideDown";
				IPHONEOS_DEPLOYMENT_TARGET = 16.2;
				LD_RUNPATH_SEARCH_PATHS = (
					"$(inherited)",
					"@executable_path/Frameworks",
				);
				MARKETING_VERSION = 1.0;
				PRODUCT_BUNDLE_IDENTIFIER = com.bjit.CricPulse;
				PRODUCT_NAME = "$(TARGET_NAME)";
				SUPPORTED_PLATFORMS = "iphoneos iphonesimulator";
				SUPPORTS_MACCATALYST = NO;
				SUPPORTS_MAC_DESIGNED_FOR_IPHONE_IPAD = NO;
				SWIFT_EMIT_LOC_STRINGS = YES;
				SWIFT_VERSION = 5.0;
				TARGETED_DEVICE_FAMILY = 1;
			};
			name = Debug;
		};
		8901ABAC29949D98000F8315 /* Release */ = {
			isa = XCBuildConfiguration;
			buildSettings = {
				ASSETCATALOG_COMPILER_APPICON_NAME = AppIcon;
				ASSETCATALOG_COMPILER_GLOBAL_ACCENT_COLOR_NAME = AccentColor;
				CODE_SIGN_STYLE = Automatic;
				CURRENT_PROJECT_VERSION = 1;
				DEVELOPMENT_TEAM = YXX3K8V779;
				GENERATE_INFOPLIST_FILE = YES;
				INFOPLIST_FILE = CricPulse/Info.plist;
				INFOPLIST_KEY_CFBundleDisplayName = CricPulse;
				INFOPLIST_KEY_LSApplicationCategoryType = "public.app-category.sports";
				INFOPLIST_KEY_UIApplicationSupportsIndirectInputEvents = YES;
				INFOPLIST_KEY_UILaunchStoryboardName = LaunchScreen;
				INFOPLIST_KEY_UIMainStoryboardFile = Main;
				INFOPLIST_KEY_UISupportedInterfaceOrientations = UIInterfaceOrientationPortrait;
				INFOPLIST_KEY_UISupportedInterfaceOrientations_iPad = "UIInterfaceOrientationLandscapeLeft UIInterfaceOrientationLandscapeRight UIInterfaceOrientationPortrait UIInterfaceOrientationPortraitUpsideDown";
				IPHONEOS_DEPLOYMENT_TARGET = 16.2;
				LD_RUNPATH_SEARCH_PATHS = (
					"$(inherited)",
					"@executable_path/Frameworks",
				);
				MARKETING_VERSION = 1.0;
				PRODUCT_BUNDLE_IDENTIFIER = com.bjit.CricPulse;
				PRODUCT_NAME = "$(TARGET_NAME)";
				SUPPORTED_PLATFORMS = "iphoneos iphonesimulator";
				SUPPORTS_MACCATALYST = NO;
				SUPPORTS_MAC_DESIGNED_FOR_IPHONE_IPAD = NO;
				SWIFT_EMIT_LOC_STRINGS = YES;
				SWIFT_VERSION = 5.0;
				TARGETED_DEVICE_FAMILY = 1;
			};
			name = Release;
		};
/* End XCBuildConfiguration section */

/* Begin XCConfigurationList section */
		8901AB8E29949D97000F8315 /* Build configuration list for PBXProject "CricPulse" */ = {
			isa = XCConfigurationList;
			buildConfigurations = (
				8901ABA829949D98000F8315 /* Debug */,
				8901ABA929949D98000F8315 /* Release */,
			);
			defaultConfigurationIsVisible = 0;
			defaultConfigurationName = Release;
		};
		8901ABAA29949D98000F8315 /* Build configuration list for PBXNativeTarget "CricPulse" */ = {
			isa = XCConfigurationList;
			buildConfigurations = (
				8901ABAB29949D98000F8315 /* Debug */,
				8901ABAC29949D98000F8315 /* Release */,
			);
			defaultConfigurationIsVisible = 0;
			defaultConfigurationName = Release;
		};
/* End XCConfigurationList section */

/* Begin XCVersionGroup section */
		8901AB9F29949D97000F8315 /* CricPulse.xcdatamodeld */ = {
			isa = XCVersionGroup;
			children = (
				8901ABA029949D97000F8315 /* CricPulse.xcdatamodel */,
			);
			currentVersion = 8901ABA029949D97000F8315 /* CricPulse.xcdatamodel */;
			path = CricPulse.xcdatamodeld;
			sourceTree = "<group>";
			versionGroupType = wrapper.xcdatamodel;
		};
/* End XCVersionGroup section */
	};
	rootObject = 8901AB8B29949D97000F8315 /* Project object */;
}
